
Microsoft Visual Studio Solution File, Format Version 12.00
# Visual Studio 16
VisualStudioVersion = 16.0.0.0
MinimumVisualStudioVersion = 14.0.0.0
Project("{7CF6DF6D-3B04-46F8-A40B-537D21BCA0B4}") = "help", "Documentation\help.shfbproj", "{5C97DF05-1229-4B30-9711-789D0D6FF81B}"
EndProject
Project("{930C7802-8A8C-48F9-8165-68863BCCD9DD}") = "Installer", "Installer\Installer.wixproj", "{F533FC43-6C05-4A64-8AF6-72B690EB06C3}"
	ProjectSection(ProjectDependencies) = postProject
		{CDB0903E-AC9C-409D-B5FE-3D30F31E14EB} = {CDB0903E-AC9C-409D-B5FE-3D30F31E14EB}
		{06163AD1-3F06-43AE-A4F9-967F7F6432C3} = {06163AD1-3F06-43AE-A4F9-967F7F6432C3}
		{DC3517FF-AC26-4755-9B7A-EF658FF69593} = {DC3517FF-AC26-4755-9B7A-EF658FF69593}
	EndProjectSection
EndProject
Project("{FAE04EC0-301F-11D3-BF4B-00C04F79EFBC}") = "MySql.VisualStudio.CustomAction", "MySql.VisualStudio.CustomAction\MySql.VisualStudio.CustomAction.csproj", "{CDB0903E-AC9C-409D-B5FE-3D30F31E14EB}"
EndProject
Project("{FAE04EC0-301F-11D3-BF4B-00C04F79EFBC}") = "MySql.VisualStudio", "Source\MySql.VisualStudio\MySql.VisualStudio.csproj", "{DC3517FF-AC26-4755-9B7A-EF658FF69593}"
EndProject
Project("{FAE04EC0-301F-11D3-BF4B-00C04F79EFBC}") = "MySql.Parser", "Source\MySql.Parser\MySql.Parser.csproj", "{06163AD1-3F06-43AE-A4F9-967F7F6432C3}"
EndProject
Global
	GlobalSection(SolutionConfigurationPlatforms) = preSolution
		Debug|Any CPU = Debug|Any CPU
		Debug|Mixed Platforms = Debug|Mixed Platforms
		Debug|x86 = Debug|x86
		Release|Any CPU = Release|Any CPU
		Release|Mixed Platforms = Release|Mixed Platforms
		Release|x86 = Release|x86
	EndGlobalSection
	GlobalSection(ProjectConfigurationPlatforms) = postSolution
		{5C97DF05-1229-4B30-9711-789D0D6FF81B}.Debug|Any CPU.ActiveCfg = Debug|Any CPU
		{5C97DF05-1229-4B30-9711-789D0D6FF81B}.Debug|Any CPU.Build.0 = Debug|Any CPU
		{5C97DF05-1229-4B30-9711-789D0D6FF81B}.Debug|Mixed Platforms.ActiveCfg = Debug|Any CPU
		{5C97DF05-1229-4B30-9711-789D0D6FF81B}.Debug|Mixed Platforms.Build.0 = Debug|Any CPU
		{5C97DF05-1229-4B30-9711-789D0D6FF81B}.Debug|x86.ActiveCfg = Debug|Any CPU
		{5C97DF05-1229-4B30-9711-789D0D6FF81B}.Release|Any CPU.ActiveCfg = Release|Any CPU
		{5C97DF05-1229-4B30-9711-789D0D6FF81B}.Release|Any CPU.Build.0 = Release|Any CPU
		{5C97DF05-1229-4B30-9711-789D0D6FF81B}.Release|Mixed Platforms.ActiveCfg = Release|Any CPU
		{5C97DF05-1229-4B30-9711-789D0D6FF81B}.Release|Mixed Platforms.Build.0 = Release|Any CPU
		{5C97DF05-1229-4B30-9711-789D0D6FF81B}.Release|x86.ActiveCfg = Release|Any CPU
		{5C97DF05-1229-4B30-9711-789D0D6FF81B}.Release|x86.Build.0 = Release|Any CPU
		{F533FC43-6C05-4A64-8AF6-72B690EB06C3}.Debug|Any CPU.ActiveCfg = GPL|x86
		{F533FC43-6C05-4A64-8AF6-72B690EB06C3}.Debug|Any CPU.Build.0 = GPL|x86
		{F533FC43-6C05-4A64-8AF6-72B690EB06C3}.Debug|Mixed Platforms.ActiveCfg = GPL|x86
		{F533FC43-6C05-4A64-8AF6-72B690EB06C3}.Debug|Mixed Platforms.Build.0 = GPL|x86
		{F533FC43-6C05-4A64-8AF6-72B690EB06C3}.Debug|x86.ActiveCfg = GPL|x86
		{F533FC43-6C05-4A64-8AF6-72B690EB06C3}.Debug|x86.Build.0 = GPL|x86
		{F533FC43-6C05-4A64-8AF6-72B690EB06C3}.Release|Any CPU.ActiveCfg = GPL|x86
		{F533FC43-6C05-4A64-8AF6-72B690EB06C3}.Release|Any CPU.Build.0 = GPL|x86
		{F533FC43-6C05-4A64-8AF6-72B690EB06C3}.Release|Mixed Platforms.ActiveCfg = GPL|x86
		{F533FC43-6C05-4A64-8AF6-72B690EB06C3}.Release|Mixed Platforms.Build.0 = GPL|x86
		{F533FC43-6C05-4A64-8AF6-72B690EB06C3}.Release|x86.ActiveCfg = GPL|x86
		{F533FC43-6C05-4A64-8AF6-72B690EB06C3}.Release|x86.Build.0 = GPL|x86
		{CDB0903E-AC9C-409D-B5FE-3D30F31E14EB}.Debug|Any CPU.ActiveCfg = Debug|Any CPU
		{CDB0903E-AC9C-409D-B5FE-3D30F31E14EB}.Debug|Any CPU.Build.0 = Debug|Any CPU
		{CDB0903E-AC9C-409D-B5FE-3D30F31E14EB}.Debug|Mixed Platforms.ActiveCfg = Debug|x86
		{CDB0903E-AC9C-409D-B5FE-3D30F31E14EB}.Debug|Mixed Platforms.Build.0 = Debug|x86
		{CDB0903E-AC9C-409D-B5FE-3D30F31E14EB}.Debug|x86.ActiveCfg = Debug|x86
		{CDB0903E-AC9C-409D-B5FE-3D30F31E14EB}.Debug|x86.Build.0 = Debug|x86
		{CDB0903E-AC9C-409D-B5FE-3D30F31E14EB}.Release|Any CPU.ActiveCfg = Release|Any CPU
		{CDB0903E-AC9C-409D-B5FE-3D30F31E14EB}.Release|Any CPU.Build.0 = Release|Any CPU
		{CDB0903E-AC9C-409D-B5FE-3D30F31E14EB}.Release|Mixed Platforms.ActiveCfg = Release|x86
		{CDB0903E-AC9C-409D-B5FE-3D30F31E14EB}.Release|Mixed Platforms.Build.0 = Release|x86
		{CDB0903E-AC9C-409D-B5FE-3D30F31E14EB}.Release|x86.ActiveCfg = Release|x86
		{CDB0903E-AC9C-409D-B5FE-3D30F31E14EB}.Release|x86.Build.0 = Release|x86
		{DC3517FF-AC26-4755-9B7A-EF658FF69593}.Debug|Any CPU.ActiveCfg = Debug|Any CPU
		{DC3517FF-AC26-4755-9B7A-EF658FF69593}.Debug|Any CPU.Build.0 = Debug|Any CPU
		{DC3517FF-AC26-4755-9B7A-EF658FF69593}.Debug|Mixed Platforms.ActiveCfg = Debug|Any CPU
		{DC3517FF-AC26-4755-9B7A-EF658FF69593}.Debug|Mixed Platforms.Build.0 = Debug|Any CPU
		{DC3517FF-AC26-4755-9B7A-EF658FF69593}.Debug|x86.ActiveCfg = Debug|Any CPU
		{DC3517FF-AC26-4755-9B7A-EF658FF69593}.Debug|x86.Build.0 = Debug|Any CPU
		{DC3517FF-AC26-4755-9B7A-EF658FF69593}.Release|Any CPU.ActiveCfg = Release|Any CPU
		{DC3517FF-AC26-4755-9B7A-EF658FF69593}.Release|Any CPU.Build.0 = Release|Any CPU
		{DC3517FF-AC26-4755-9B7A-EF658FF69593}.Release|Mixed Platforms.ActiveCfg = Release|Any CPU
		{DC3517FF-AC26-4755-9B7A-EF658FF69593}.Release|Mixed Platforms.Build.0 = Release|Any CPU
		{DC3517FF-AC26-4755-9B7A-EF658FF69593}.Release|x86.ActiveCfg = Release|Any CPU
		{DC3517FF-AC26-4755-9B7A-EF658FF69593}.Release|x86.Build.0 = Release|Any CPU
		{06163AD1-3F06-43AE-A4F9-967F7F6432C3}.Debug|Any CPU.ActiveCfg = Debug|Any CPU
		{06163AD1-3F06-43AE-A4F9-967F7F6432C3}.Debug|Any CPU.Build.0 = Debug|Any CPU
		{06163AD1-3F06-43AE-A4F9-967F7F6432C3}.Debug|Mixed Platforms.ActiveCfg = Debug|Any CPU
		{06163AD1-3F06-43AE-A4F9-967F7F6432C3}.Debug|Mixed Platforms.Build.0 = Debug|Any CPU
		{06163AD1-3F06-43AE-A4F9-967F7F6432C3}.Debug|x86.ActiveCfg = Debug|Any CPU
		{06163AD1-3F06-43AE-A4F9-967F7F6432C3}.Debug|x86.Build.0 = Debug|Any CPU
		{06163AD1-3F06-43AE-A4F9-967F7F6432C3}.Release|Any CPU.ActiveCfg = Release|Any CPU
		{06163AD1-3F06-43AE-A4F9-967F7F6432C3}.Release|Any CPU.Build.0 = Release|Any CPU
		{06163AD1-3F06-43AE-A4F9-967F7F6432C3}.Release|Mixed Platforms.ActiveCfg = Release|Any CPU
		{06163AD1-3F06-43AE-A4F9-967F7F6432C3}.Release|Mixed Platforms.Build.0 = Release|Any CPU
		{06163AD1-3F06-43AE-A4F9-967F7F6432C3}.Release|x86.ActiveCfg = Release|Any CPU
		{06163AD1-3F06-43AE-A4F9-967F7F6432C3}.Release|x86.Build.0 = Release|Any CPU
	EndGlobalSection
	GlobalSection(SolutionProperties) = preSolution
		HideSolutionNode = FALSE
	EndGlobalSection
	GlobalSection(ExtensibilityGlobals) = postSolution
		SolutionGuid = {FD802389-30CC-4E08-8963-3876921ADFF2}
	EndGlobalSection
EndGlobal
