Microsoft Visual Studio Solution File, Format Version 9.00
# Visual Studio 2005
Project("{FAE04EC0-301F-11D3-BF4B-00C04F79EFBC}") = "MySql.Web", "MySql.Web\MySql.Web.csproj", "{C28B1166-1380-445D-AEC1-8A18B990DD18}"
	ProjectSection(WebsiteProperties) = preProject
		Debug.AspNetCompiler.Debug = "True"
		Release.AspNetCompiler.Debug = "False"
	EndProjectSection
EndProject
Project("{FAE04EC0-301F-11D3-BF4B-00C04F79EFBC}") = "MySql.Data", "Driver\MySql.Data.csproj", "{E9DF5ED1-4CBD-4226-B931-9A51610AC14D}"
	ProjectSection(WebsiteProperties) = preProject
		Debug.AspNetCompiler.Debug = "True"
		Release.AspNetCompiler.Debug = "False"
	EndProjectSection
EndProject
Project("{FAE04EC0-301F-11D3-BF4B-00C04F79EFBC}") = "MySql.Data.Tests", "TestSuite\MySql.Data.Tests.csproj", "{F29E5B3D-7F76-4CF9-BF5E-8E3A1377B1E4}"
	ProjectSection(WebsiteProperties) = preProject
		Debug.AspNetCompiler.Debug = "True"
		Release.AspNetCompiler.Debug = "False"
	EndProjectSection
EndProject
Project("{FAE04EC0-301F-11D3-BF4B-00C04F79EFBC}") = "MySql.VisualStudio", "VisualStudio\MySql.VisualStudio.csproj", "{DC3517FF-AC26-4755-9B7A-EF658FF69593}"
	ProjectSection(WebsiteProperties) = preProject
		Debug.AspNetCompiler.Debug = "True"
		Release.AspNetCompiler.Debug = "False"
	EndProjectSection
EndProject
Project("{930C7802-8A8C-48F9-8165-68863BCCD9DD}") = "Installer", "Installer\Installer.wixproj", "{F533FC43-6C05-4A64-8AF6-72B690EB06C3}"
	ProjectSection(WebsiteProperties) = preProject
		Debug.AspNetCompiler.Debug = "True"
		Release.AspNetCompiler.Debug = "False"
	EndProjectSection
	ProjectSection(ProjectDependencies) = postProject
		{F29E5B3D-7F76-4CF9-BF5E-8E3A1377B1E4} = {F29E5B3D-7F76-4CF9-BF5E-8E3A1377B1E4}
		{C28B1166-1380-445D-AEC1-8A18B990DD18} = {C28B1166-1380-445D-AEC1-8A18B990DD18}
		{E9DF5ED1-4CBD-4226-B931-9A51610AC14D} = {E9DF5ED1-4CBD-4226-B931-9A51610AC14D}
		{DC3517FF-AC26-4755-9B7A-EF658FF69593} = {DC3517FF-AC26-4755-9B7A-EF658FF69593}
	EndProjectSection
EndProject
Project("{FAE04EC0-301F-11D3-BF4B-00C04F79EFBC}") = "Tester", "Samples\Pocket PC\Tester\Tester.csproj", "{586DC799-0E59-4494-8E95-FC554E3A8D25}"
	ProjectSection(WebsiteProperties) = preProject
		Debug.AspNetCompiler.Debug = "True"
		Release.AspNetCompiler.Debug = "False"
	EndProjectSection
EndProject
Global
	GlobalSection(TestCaseManagementSettings) = postSolution
		CategoryFile = MySQLClient.2005.vsmdi
	EndGlobalSection
	GlobalSection(SolutionConfigurationPlatforms) = preSolution
		Commercial|.NET 1.0 = Commercial|.NET 1.0
		Commercial|.NET 1.1 = Commercial|.NET 1.1
		Commercial|.NET 1.1 (Mono Libraries) = Commercial|.NET 1.1 (Mono Libraries)
		Commercial|.NET 2.0 = Commercial|.NET 2.0
		Commercial|.NET 2.0 (Mono Libraries) = Commercial|.NET 2.0 (Mono Libraries)
		Commercial|.NET CF 1.0 (Pocket PC 2003) = Commercial|.NET CF 1.0 (Pocket PC 2003)
		Commercial|.NET CF 1.0 (Smartphone 2003) = Commercial|.NET CF 1.0 (Smartphone 2003)
		Commercial|.NET CF 2.0 (Pocket PC 2003) = Commercial|.NET CF 2.0 (Pocket PC 2003)
		Commercial|.NET CF 2.0 (Windows CE 5.0) = Commercial|.NET CF 2.0 (Windows CE 5.0)
		Commercial|Any CPU = Commercial|Any CPU
		Commercial|Build All 2.0 Platforms Simultaneously = Commercial|Build All 2.0 Platforms Simultaneously
		Commercial|Build All Platforms Simultaneously = Commercial|Build All Platforms Simultaneously
		Commercial|x64 = Commercial|x64
		Commercial|x86 = Commercial|x86
		Debug|.NET 1.0 = Debug|.NET 1.0
		Debug|.NET 1.1 = Debug|.NET 1.1
		Debug|.NET 1.1 (Mono Libraries) = Debug|.NET 1.1 (Mono Libraries)
		Debug|.NET 2.0 = Debug|.NET 2.0
		Debug|.NET 2.0 (Mono Libraries) = Debug|.NET 2.0 (Mono Libraries)
		Debug|.NET CF 1.0 (Pocket PC 2003) = Debug|.NET CF 1.0 (Pocket PC 2003)
		Debug|.NET CF 1.0 (Smartphone 2003) = Debug|.NET CF 1.0 (Smartphone 2003)
		Debug|.NET CF 2.0 (Pocket PC 2003) = Debug|.NET CF 2.0 (Pocket PC 2003)
		Debug|.NET CF 2.0 (Windows CE 5.0) = Debug|.NET CF 2.0 (Windows CE 5.0)
		Debug|Any CPU = Debug|Any CPU
		Debug|Build All 2.0 Platforms Simultaneously = Debug|Build All 2.0 Platforms Simultaneously
		Debug|Build All Platforms Simultaneously = Debug|Build All Platforms Simultaneously
		Debug|x64 = Debug|x64
		Debug|x86 = Debug|x86
		GPL|.NET 1.0 = GPL|.NET 1.0
		GPL|.NET 1.1 = GPL|.NET 1.1
		GPL|.NET 1.1 (Mono Libraries) = GPL|.NET 1.1 (Mono Libraries)
		GPL|.NET 2.0 = GPL|.NET 2.0
		GPL|.NET 2.0 (Mono Libraries) = GPL|.NET 2.0 (Mono Libraries)
		GPL|.NET CF 1.0 (Pocket PC 2003) = GPL|.NET CF 1.0 (Pocket PC 2003)
		GPL|.NET CF 1.0 (Smartphone 2003) = GPL|.NET CF 1.0 (Smartphone 2003)
		GPL|.NET CF 2.0 (Pocket PC 2003) = GPL|.NET CF 2.0 (Pocket PC 2003)
		GPL|.NET CF 2.0 (Windows CE 5.0) = GPL|.NET CF 2.0 (Windows CE 5.0)
		GPL|Any CPU = GPL|Any CPU
		GPL|Build All 2.0 Platforms Simultaneously = GPL|Build All 2.0 Platforms Simultaneously
		GPL|Build All Platforms Simultaneously = GPL|Build All Platforms Simultaneously
		GPL|x64 = GPL|x64
		GPL|x86 = GPL|x86
		Release|.NET 1.0 = Release|.NET 1.0
		Release|.NET 1.1 = Release|.NET 1.1
		Release|.NET 1.1 (Mono Libraries) = Release|.NET 1.1 (Mono Libraries)
		Release|.NET 2.0 = Release|.NET 2.0
		Release|.NET 2.0 (Mono Libraries) = Release|.NET 2.0 (Mono Libraries)
		Release|.NET CF 1.0 (Pocket PC 2003) = Release|.NET CF 1.0 (Pocket PC 2003)
		Release|.NET CF 1.0 (Smartphone 2003) = Release|.NET CF 1.0 (Smartphone 2003)
		Release|.NET CF 2.0 (Pocket PC 2003) = Release|.NET CF 2.0 (Pocket PC 2003)
		Release|.NET CF 2.0 (Windows CE 5.0) = Release|.NET CF 2.0 (Windows CE 5.0)
		Release|Any CPU = Release|Any CPU
		Release|Build All 2.0 Platforms Simultaneously = Release|Build All 2.0 Platforms Simultaneously
		Release|Build All Platforms Simultaneously = Release|Build All Platforms Simultaneously
		Release|x64 = Release|x64
		Release|x86 = Release|x86
	EndGlobalSection
	GlobalSection(ProjectConfigurationPlatforms) = postSolution
		{C28B1166-1380-445D-AEC1-8A18B990DD18}.Commercial|.NET 1.0.ActiveCfg = Release|Any CPU
		{C28B1166-1380-445D-AEC1-8A18B990DD18}.Commercial|.NET 1.1.ActiveCfg = Release|Any CPU
		{C28B1166-1380-445D-AEC1-8A18B990DD18}.Commercial|.NET 1.1 (Mono Libraries).ActiveCfg = Release|Any CPU
		{C28B1166-1380-445D-AEC1-8A18B990DD18}.Commercial|.NET 2.0.ActiveCfg = Release|Any CPU
		{C28B1166-1380-445D-AEC1-8A18B990DD18}.Commercial|.NET 2.0 (Mono Libraries).ActiveCfg = Release|Any CPU
		{C28B1166-1380-445D-AEC1-8A18B990DD18}.Commercial|.NET CF 1.0 (Pocket PC 2003).ActiveCfg = Release|Any CPU
		{C28B1166-1380-445D-AEC1-8A18B990DD18}.Commercial|.NET CF 1.0 (Smartphone 2003).ActiveCfg = Release|Any CPU
		{C28B1166-1380-445D-AEC1-8A18B990DD18}.Commercial|.NET CF 2.0 (Pocket PC 2003).ActiveCfg = Release|Any CPU
		{C28B1166-1380-445D-AEC1-8A18B990DD18}.Commercial|.NET CF 2.0 (Windows CE 5.0).ActiveCfg = Release|Any CPU
		{C28B1166-1380-445D-AEC1-8A18B990DD18}.Commercial|Any CPU.ActiveCfg = Release|Any CPU
		{C28B1166-1380-445D-AEC1-8A18B990DD18}.Commercial|Any CPU.Build.0 = Release|Any CPU
		{C28B1166-1380-445D-AEC1-8A18B990DD18}.Commercial|Build All 2.0 Platforms Simultaneously.ActiveCfg = Release|Any CPU
		{C28B1166-1380-445D-AEC1-8A18B990DD18}.Commercial|Build All Platforms Simultaneously.ActiveCfg = Release|Any CPU
		{C28B1166-1380-445D-AEC1-8A18B990DD18}.Commercial|x64.ActiveCfg = Release|Any CPU
		{C28B1166-1380-445D-AEC1-8A18B990DD18}.Commercial|x86.ActiveCfg = Release|Any CPU
		{C28B1166-1380-445D-AEC1-8A18B990DD18}.Debug|.NET 1.0.ActiveCfg = Debug|Any CPU
		{C28B1166-1380-445D-AEC1-8A18B990DD18}.Debug|.NET 1.1.ActiveCfg = Debug|Any CPU
		{C28B1166-1380-445D-AEC1-8A18B990DD18}.Debug|.NET 1.1 (Mono Libraries).ActiveCfg = Debug|Any CPU
		{C28B1166-1380-445D-AEC1-8A18B990DD18}.Debug|.NET 2.0.ActiveCfg = Debug|Any CPU
		{C28B1166-1380-445D-AEC1-8A18B990DD18}.Debug|.NET 2.0 (Mono Libraries).ActiveCfg = Debug|Any CPU
		{C28B1166-1380-445D-AEC1-8A18B990DD18}.Debug|.NET CF 1.0 (Pocket PC 2003).ActiveCfg = Debug|Any CPU
		{C28B1166-1380-445D-AEC1-8A18B990DD18}.Debug|.NET CF 1.0 (Smartphone 2003).ActiveCfg = Debug|Any CPU
		{C28B1166-1380-445D-AEC1-8A18B990DD18}.Debug|.NET CF 2.0 (Pocket PC 2003).ActiveCfg = Debug|Any CPU
		{C28B1166-1380-445D-AEC1-8A18B990DD18}.Debug|.NET CF 2.0 (Windows CE 5.0).ActiveCfg = Debug|Any CPU
		{C28B1166-1380-445D-AEC1-8A18B990DD18}.Debug|Any CPU.ActiveCfg = Debug|Any CPU
		{C28B1166-1380-445D-AEC1-8A18B990DD18}.Debug|Any CPU.Build.0 = Debug|Any CPU
		{C28B1166-1380-445D-AEC1-8A18B990DD18}.Debug|Build All 2.0 Platforms Simultaneously.ActiveCfg = Debug|Any CPU
		{C28B1166-1380-445D-AEC1-8A18B990DD18}.Debug|Build All Platforms Simultaneously.ActiveCfg = Debug|Any CPU
		{C28B1166-1380-445D-AEC1-8A18B990DD18}.Debug|x64.ActiveCfg = Debug|Any CPU
		{C28B1166-1380-445D-AEC1-8A18B990DD18}.Debug|x86.ActiveCfg = Debug|Any CPU
		{C28B1166-1380-445D-AEC1-8A18B990DD18}.GPL|.NET 1.0.ActiveCfg = Release|Any CPU
		{C28B1166-1380-445D-AEC1-8A18B990DD18}.GPL|.NET 1.1.ActiveCfg = Release|Any CPU
		{C28B1166-1380-445D-AEC1-8A18B990DD18}.GPL|.NET 1.1 (Mono Libraries).ActiveCfg = Release|Any CPU
		{C28B1166-1380-445D-AEC1-8A18B990DD18}.GPL|.NET 2.0.ActiveCfg = Release|Any CPU
		{C28B1166-1380-445D-AEC1-8A18B990DD18}.GPL|.NET 2.0 (Mono Libraries).ActiveCfg = Release|Any CPU
		{C28B1166-1380-445D-AEC1-8A18B990DD18}.GPL|.NET CF 1.0 (Pocket PC 2003).ActiveCfg = Release|Any CPU
		{C28B1166-1380-445D-AEC1-8A18B990DD18}.GPL|.NET CF 1.0 (Smartphone 2003).ActiveCfg = Release|Any CPU
		{C28B1166-1380-445D-AEC1-8A18B990DD18}.GPL|.NET CF 2.0 (Pocket PC 2003).ActiveCfg = Release|Any CPU
		{C28B1166-1380-445D-AEC1-8A18B990DD18}.GPL|.NET CF 2.0 (Windows CE 5.0).ActiveCfg = Release|Any CPU
		{C28B1166-1380-445D-AEC1-8A18B990DD18}.GPL|Any CPU.ActiveCfg = Release|Any CPU
		{C28B1166-1380-445D-AEC1-8A18B990DD18}.GPL|Any CPU.Build.0 = Release|Any CPU
		{C28B1166-1380-445D-AEC1-8A18B990DD18}.GPL|Build All 2.0 Platforms Simultaneously.ActiveCfg = Release|Any CPU
		{C28B1166-1380-445D-AEC1-8A18B990DD18}.GPL|Build All Platforms Simultaneously.ActiveCfg = Release|Any CPU
		{C28B1166-1380-445D-AEC1-8A18B990DD18}.GPL|x64.ActiveCfg = Release|Any CPU
		{C28B1166-1380-445D-AEC1-8A18B990DD18}.GPL|x86.ActiveCfg = Release|Any CPU
		{C28B1166-1380-445D-AEC1-8A18B990DD18}.Release|.NET 1.0.ActiveCfg = Release|Any CPU
		{C28B1166-1380-445D-AEC1-8A18B990DD18}.Release|.NET 1.1.ActiveCfg = Release|Any CPU
		{C28B1166-1380-445D-AEC1-8A18B990DD18}.Release|.NET 1.1 (Mono Libraries).ActiveCfg = Release|Any CPU
		{C28B1166-1380-445D-AEC1-8A18B990DD18}.Release|.NET 2.0.ActiveCfg = Release|Any CPU
		{C28B1166-1380-445D-AEC1-8A18B990DD18}.Release|.NET 2.0 (Mono Libraries).ActiveCfg = Release|Any CPU
		{C28B1166-1380-445D-AEC1-8A18B990DD18}.Release|.NET CF 1.0 (Pocket PC 2003).ActiveCfg = Release|Any CPU
		{C28B1166-1380-445D-AEC1-8A18B990DD18}.Release|.NET CF 1.0 (Smartphone 2003).ActiveCfg = Release|Any CPU
		{C28B1166-1380-445D-AEC1-8A18B990DD18}.Release|.NET CF 2.0 (Pocket PC 2003).ActiveCfg = Release|Any CPU
		{C28B1166-1380-445D-AEC1-8A18B990DD18}.Release|.NET CF 2.0 (Windows CE 5.0).ActiveCfg = Release|Any CPU
		{C28B1166-1380-445D-AEC1-8A18B990DD18}.Release|Any CPU.ActiveCfg = Release|Any CPU
		{C28B1166-1380-445D-AEC1-8A18B990DD18}.Release|Any CPU.Build.0 = Release|Any CPU
		{C28B1166-1380-445D-AEC1-8A18B990DD18}.Release|Build All 2.0 Platforms Simultaneously.ActiveCfg = Release|Any CPU
		{C28B1166-1380-445D-AEC1-8A18B990DD18}.Release|Build All Platforms Simultaneously.ActiveCfg = Release|Any CPU
		{C28B1166-1380-445D-AEC1-8A18B990DD18}.Release|x64.ActiveCfg = Release|Any CPU
		{C28B1166-1380-445D-AEC1-8A18B990DD18}.Release|x86.ActiveCfg = Release|Any CPU
		{E9DF5ED1-4CBD-4226-B931-9A51610AC14D}.Commercial|.NET 1.0.ActiveCfg = Release|Build All 2.0 Platforms Simultaneously
		{E9DF5ED1-4CBD-4226-B931-9A51610AC14D}.Commercial|.NET 1.1.ActiveCfg = Release|Build All 2.0 Platforms Simultaneously
		{E9DF5ED1-4CBD-4226-B931-9A51610AC14D}.Commercial|.NET 1.1 (Mono Libraries).ActiveCfg = Release|Build All 2.0 Platforms Simultaneously
		{E9DF5ED1-4CBD-4226-B931-9A51610AC14D}.Commercial|.NET 2.0.ActiveCfg = Release|Build All 2.0 Platforms Simultaneously
		{E9DF5ED1-4CBD-4226-B931-9A51610AC14D}.Commercial|.NET 2.0 (Mono Libraries).ActiveCfg = Release|Build All 2.0 Platforms Simultaneously
		{E9DF5ED1-4CBD-4226-B931-9A51610AC14D}.Commercial|.NET CF 1.0 (Pocket PC 2003).ActiveCfg = Release|Build All 2.0 Platforms Simultaneously
		{E9DF5ED1-4CBD-4226-B931-9A51610AC14D}.Commercial|.NET CF 1.0 (Smartphone 2003).ActiveCfg = Release|Build All 2.0 Platforms Simultaneously
		{E9DF5ED1-4CBD-4226-B931-9A51610AC14D}.Commercial|.NET CF 2.0 (Pocket PC 2003).ActiveCfg = Release|Build All 2.0 Platforms Simultaneously
		{E9DF5ED1-4CBD-4226-B931-9A51610AC14D}.Commercial|.NET CF 2.0 (Windows CE 5.0).ActiveCfg = Release|Build All 2.0 Platforms Simultaneously
		{E9DF5ED1-4CBD-4226-B931-9A51610AC14D}.Commercial|Any CPU.ActiveCfg = Release|Build All 2.0 Platforms Simultaneously
		{E9DF5ED1-4CBD-4226-B931-9A51610AC14D}.Commercial|Any CPU.Build.0 = Release|Build All 2.0 Platforms Simultaneously
		{E9DF5ED1-4CBD-4226-B931-9A51610AC14D}.Commercial|Build All 2.0 Platforms Simultaneously.ActiveCfg = Release|Build All 2.0 Platforms Simultaneously
		{E9DF5ED1-4CBD-4226-B931-9A51610AC14D}.Commercial|Build All 2.0 Platforms Simultaneously.Build.0 = Release|Build All 2.0 Platforms Simultaneously
		{E9DF5ED1-4CBD-4226-B931-9A51610AC14D}.Commercial|Build All Platforms Simultaneously.ActiveCfg = Release|Build All 2.0 Platforms Simultaneously
		{E9DF5ED1-4CBD-4226-B931-9A51610AC14D}.Commercial|x64.ActiveCfg = Release|Build All 2.0 Platforms Simultaneously
		{E9DF5ED1-4CBD-4226-B931-9A51610AC14D}.Commercial|x86.ActiveCfg = Release|Build All 2.0 Platforms Simultaneously
		{E9DF5ED1-4CBD-4226-B931-9A51610AC14D}.Debug|.NET 1.0.ActiveCfg = Debug|.NET 1.0
		{E9DF5ED1-4CBD-4226-B931-9A51610AC14D}.Debug|.NET 1.0.Build.0 = Debug|.NET 1.0
		{E9DF5ED1-4CBD-4226-B931-9A51610AC14D}.Debug|.NET 1.1.ActiveCfg = Debug|.NET 1.1
		{E9DF5ED1-4CBD-4226-B931-9A51610AC14D}.Debug|.NET 1.1.Build.0 = Debug|.NET 1.1
		{E9DF5ED1-4CBD-4226-B931-9A51610AC14D}.Debug|.NET 1.1 (Mono Libraries).ActiveCfg = Debug|.NET 1.1 (Mono Libraries)
		{E9DF5ED1-4CBD-4226-B931-9A51610AC14D}.Debug|.NET 1.1 (Mono Libraries).Build.0 = Debug|.NET 1.1 (Mono Libraries)
		{E9DF5ED1-4CBD-4226-B931-9A51610AC14D}.Debug|.NET 2.0.ActiveCfg = Debug|Any CPU
		{E9DF5ED1-4CBD-4226-B931-9A51610AC14D}.Debug|.NET 2.0.Build.0 = Debug|Any CPU
		{E9DF5ED1-4CBD-4226-B931-9A51610AC14D}.Debug|.NET 2.0 (Mono Libraries).ActiveCfg = Debug|.NET 2.0 (Mono Libraries)
		{E9DF5ED1-4CBD-4226-B931-9A51610AC14D}.Debug|.NET 2.0 (Mono Libraries).Build.0 = Debug|.NET 2.0 (Mono Libraries)
		{E9DF5ED1-4CBD-4226-B931-9A51610AC14D}.Debug|.NET CF 1.0 (Pocket PC 2003).ActiveCfg = Debug|.NET CF 1.0 (Pocket PC 2003)
		{E9DF5ED1-4CBD-4226-B931-9A51610AC14D}.Debug|.NET CF 1.0 (Pocket PC 2003).Build.0 = Debug|.NET CF 1.0 (Pocket PC 2003)
		{E9DF5ED1-4CBD-4226-B931-9A51610AC14D}.Debug|.NET CF 1.0 (Smartphone 2003).ActiveCfg = Debug|.NET CF 1.0 (Smartphone 2003)
		{E9DF5ED1-4CBD-4226-B931-9A51610AC14D}.Debug|.NET CF 1.0 (Smartphone 2003).Build.0 = Debug|.NET CF 1.0 (Smartphone 2003)
		{E9DF5ED1-4CBD-4226-B931-9A51610AC14D}.Debug|.NET CF 2.0 (Pocket PC 2003).ActiveCfg = Debug|.NET CF 2.0 (Pocket PC 2003)
		{E9DF5ED1-4CBD-4226-B931-9A51610AC14D}.Debug|.NET CF 2.0 (Pocket PC 2003).Build.0 = Debug|.NET CF 2.0 (Pocket PC 2003)
		{E9DF5ED1-4CBD-4226-B931-9A51610AC14D}.Debug|.NET CF 2.0 (Windows CE 5.0).ActiveCfg = Debug|.NET CF 2.0 (Windows CE 5.0)
		{E9DF5ED1-4CBD-4226-B931-9A51610AC14D}.Debug|.NET CF 2.0 (Windows CE 5.0).Build.0 = Debug|.NET CF 2.0 (Windows CE 5.0)
		{E9DF5ED1-4CBD-4226-B931-9A51610AC14D}.Debug|Any CPU.ActiveCfg = Debug|Any CPU
		{E9DF5ED1-4CBD-4226-B931-9A51610AC14D}.Debug|Any CPU.Build.0 = Debug|Any CPU
		{E9DF5ED1-4CBD-4226-B931-9A51610AC14D}.Debug|Build All 2.0 Platforms Simultaneously.ActiveCfg = Debug|Build All 2.0 Platforms Simultaneously
		{E9DF5ED1-4CBD-4226-B931-9A51610AC14D}.Debug|Build All 2.0 Platforms Simultaneously.Build.0 = Debug|Build All 2.0 Platforms Simultaneously
		{E9DF5ED1-4CBD-4226-B931-9A51610AC14D}.Debug|Build All Platforms Simultaneously.ActiveCfg = Debug|Build All Platforms Simultaneously
		{E9DF5ED1-4CBD-4226-B931-9A51610AC14D}.Debug|Build All Platforms Simultaneously.Build.0 = Debug|Build All Platforms Simultaneously
		{E9DF5ED1-4CBD-4226-B931-9A51610AC14D}.Debug|x64.ActiveCfg = Debug|x86
		{E9DF5ED1-4CBD-4226-B931-9A51610AC14D}.Debug|x86.ActiveCfg = Debug|x86
		{E9DF5ED1-4CBD-4226-B931-9A51610AC14D}.Debug|x86.Build.0 = Debug|x86
		{E9DF5ED1-4CBD-4226-B931-9A51610AC14D}.GPL|.NET 1.0.ActiveCfg = Release|.NET 1.0
		{E9DF5ED1-4CBD-4226-B931-9A51610AC14D}.GPL|.NET 1.0.Build.0 = Release|.NET 1.0
		{E9DF5ED1-4CBD-4226-B931-9A51610AC14D}.GPL|.NET 1.1.ActiveCfg = Release|.NET 1.1
		{E9DF5ED1-4CBD-4226-B931-9A51610AC14D}.GPL|.NET 1.1.Build.0 = Release|.NET 1.1
		{E9DF5ED1-4CBD-4226-B931-9A51610AC14D}.GPL|.NET 1.1 (Mono Libraries).ActiveCfg = Release|.NET 1.1 (Mono Libraries)
		{E9DF5ED1-4CBD-4226-B931-9A51610AC14D}.GPL|.NET 1.1 (Mono Libraries).Build.0 = Release|.NET 1.1 (Mono Libraries)
		{E9DF5ED1-4CBD-4226-B931-9A51610AC14D}.GPL|.NET 2.0.ActiveCfg = Release|.NET 2.0
		{E9DF5ED1-4CBD-4226-B931-9A51610AC14D}.GPL|.NET 2.0.Build.0 = Release|.NET 2.0
		{E9DF5ED1-4CBD-4226-B931-9A51610AC14D}.GPL|.NET 2.0 (Mono Libraries).ActiveCfg = Release|.NET 2.0 (Mono Libraries)
		{E9DF5ED1-4CBD-4226-B931-9A51610AC14D}.GPL|.NET 2.0 (Mono Libraries).Build.0 = Release|.NET 2.0 (Mono Libraries)
		{E9DF5ED1-4CBD-4226-B931-9A51610AC14D}.GPL|.NET CF 1.0 (Pocket PC 2003).ActiveCfg = Release|.NET CF 1.0 (Pocket PC 2003)
		{E9DF5ED1-4CBD-4226-B931-9A51610AC14D}.GPL|.NET CF 1.0 (Pocket PC 2003).Build.0 = Release|.NET CF 1.0 (Pocket PC 2003)
		{E9DF5ED1-4CBD-4226-B931-9A51610AC14D}.GPL|.NET CF 1.0 (Smartphone 2003).ActiveCfg = Release|.NET CF 1.0 (Smartphone 2003)
		{E9DF5ED1-4CBD-4226-B931-9A51610AC14D}.GPL|.NET CF 1.0 (Smartphone 2003).Build.0 = Release|.NET CF 1.0 (Smartphone 2003)
		{E9DF5ED1-4CBD-4226-B931-9A51610AC14D}.GPL|.NET CF 2.0 (Pocket PC 2003).ActiveCfg = Release|.NET CF 2.0 (Pocket PC 2003)
		{E9DF5ED1-4CBD-4226-B931-9A51610AC14D}.GPL|.NET CF 2.0 (Pocket PC 2003).Build.0 = Release|.NET CF 2.0 (Pocket PC 2003)
		{E9DF5ED1-4CBD-4226-B931-9A51610AC14D}.GPL|.NET CF 2.0 (Windows CE 5.0).ActiveCfg = Release|.NET CF 2.0 (Windows CE 5.0)
		{E9DF5ED1-4CBD-4226-B931-9A51610AC14D}.GPL|.NET CF 2.0 (Windows CE 5.0).Build.0 = Release|.NET CF 2.0 (Windows CE 5.0)
		{E9DF5ED1-4CBD-4226-B931-9A51610AC14D}.GPL|Any CPU.ActiveCfg = Release|Any CPU
		{E9DF5ED1-4CBD-4226-B931-9A51610AC14D}.GPL|Any CPU.Build.0 = Release|Any CPU
		{E9DF5ED1-4CBD-4226-B931-9A51610AC14D}.GPL|Build All 2.0 Platforms Simultaneously.ActiveCfg = Release|Build All 2.0 Platforms Simultaneously
		{E9DF5ED1-4CBD-4226-B931-9A51610AC14D}.GPL|Build All 2.0 Platforms Simultaneously.Build.0 = Release|Build All 2.0 Platforms Simultaneously
		{E9DF5ED1-4CBD-4226-B931-9A51610AC14D}.GPL|Build All Platforms Simultaneously.ActiveCfg = Release|Build All Platforms Simultaneously
		{E9DF5ED1-4CBD-4226-B931-9A51610AC14D}.GPL|Build All Platforms Simultaneously.Build.0 = Release|Build All Platforms Simultaneously
		{E9DF5ED1-4CBD-4226-B931-9A51610AC14D}.GPL|x64.ActiveCfg = Release|x86
		{E9DF5ED1-4CBD-4226-B931-9A51610AC14D}.GPL|x86.ActiveCfg = Release|x86
		{E9DF5ED1-4CBD-4226-B931-9A51610AC14D}.GPL|x86.Build.0 = Release|x86
		{E9DF5ED1-4CBD-4226-B931-9A51610AC14D}.Release|.NET 1.0.ActiveCfg = Release|.NET 1.0
		{E9DF5ED1-4CBD-4226-B931-9A51610AC14D}.Release|.NET 1.0.Build.0 = Release|.NET 1.0
		{E9DF5ED1-4CBD-4226-B931-9A51610AC14D}.Release|.NET 1.1.ActiveCfg = Release|.NET 1.1
		{E9DF5ED1-4CBD-4226-B931-9A51610AC14D}.Release|.NET 1.1.Build.0 = Release|.NET 1.1
		{E9DF5ED1-4CBD-4226-B931-9A51610AC14D}.Release|.NET 1.1 (Mono Libraries).ActiveCfg = Release|.NET 1.1 (Mono Libraries)
		{E9DF5ED1-4CBD-4226-B931-9A51610AC14D}.Release|.NET 1.1 (Mono Libraries).Build.0 = Release|.NET 1.1 (Mono Libraries)
		{E9DF5ED1-4CBD-4226-B931-9A51610AC14D}.Release|.NET 2.0.ActiveCfg = Release|.NET 2.0
		{E9DF5ED1-4CBD-4226-B931-9A51610AC14D}.Release|.NET 2.0.Build.0 = Release|.NET 2.0
		{E9DF5ED1-4CBD-4226-B931-9A51610AC14D}.Release|.NET 2.0 (Mono Libraries).ActiveCfg = Release|.NET 2.0 (Mono Libraries)
		{E9DF5ED1-4CBD-4226-B931-9A51610AC14D}.Release|.NET 2.0 (Mono Libraries).Build.0 = Release|.NET 2.0 (Mono Libraries)
		{E9DF5ED1-4CBD-4226-B931-9A51610AC14D}.Release|.NET CF 1.0 (Pocket PC 2003).ActiveCfg = Release|.NET CF 1.0 (Pocket PC 2003)
		{E9DF5ED1-4CBD-4226-B931-9A51610AC14D}.Release|.NET CF 1.0 (Pocket PC 2003).Build.0 = Release|.NET CF 1.0 (Pocket PC 2003)
		{E9DF5ED1-4CBD-4226-B931-9A51610AC14D}.Release|.NET CF 1.0 (Smartphone 2003).ActiveCfg = Release|.NET CF 1.0 (Smartphone 2003)
		{E9DF5ED1-4CBD-4226-B931-9A51610AC14D}.Release|.NET CF 1.0 (Smartphone 2003).Build.0 = Release|.NET CF 1.0 (Smartphone 2003)
		{E9DF5ED1-4CBD-4226-B931-9A51610AC14D}.Release|.NET CF 2.0 (Pocket PC 2003).ActiveCfg = Release|.NET CF 2.0 (Pocket PC 2003)
		{E9DF5ED1-4CBD-4226-B931-9A51610AC14D}.Release|.NET CF 2.0 (Pocket PC 2003).Build.0 = Release|.NET CF 2.0 (Pocket PC 2003)
		{E9DF5ED1-4CBD-4226-B931-9A51610AC14D}.Release|.NET CF 2.0 (Windows CE 5.0).ActiveCfg = Release|.NET CF 2.0 (Windows CE 5.0)
		{E9DF5ED1-4CBD-4226-B931-9A51610AC14D}.Release|.NET CF 2.0 (Windows CE 5.0).Build.0 = Release|.NET CF 2.0 (Windows CE 5.0)
		{E9DF5ED1-4CBD-4226-B931-9A51610AC14D}.Release|Any CPU.ActiveCfg = Release|Any CPU
		{E9DF5ED1-4CBD-4226-B931-9A51610AC14D}.Release|Any CPU.Build.0 = Release|Any CPU
		{E9DF5ED1-4CBD-4226-B931-9A51610AC14D}.Release|Build All 2.0 Platforms Simultaneously.ActiveCfg = Release|Build All 2.0 Platforms Simultaneously
		{E9DF5ED1-4CBD-4226-B931-9A51610AC14D}.Release|Build All 2.0 Platforms Simultaneously.Build.0 = Release|Build All 2.0 Platforms Simultaneously
		{E9DF5ED1-4CBD-4226-B931-9A51610AC14D}.Release|Build All Platforms Simultaneously.ActiveCfg = Release|Build All Platforms Simultaneously
		{E9DF5ED1-4CBD-4226-B931-9A51610AC14D}.Release|Build All Platforms Simultaneously.Build.0 = Release|Build All Platforms Simultaneously
		{E9DF5ED1-4CBD-4226-B931-9A51610AC14D}.Release|x64.ActiveCfg = Release|x86
		{E9DF5ED1-4CBD-4226-B931-9A51610AC14D}.Release|x86.ActiveCfg = Release|x86
		{E9DF5ED1-4CBD-4226-B931-9A51610AC14D}.Release|x86.Build.0 = Release|x86
		{F29E5B3D-7F76-4CF9-BF5E-8E3A1377B1E4}.Commercial|.NET 1.0.ActiveCfg = Release|Build All 2.0 Platforms Simultaneously
		{F29E5B3D-7F76-4CF9-BF5E-8E3A1377B1E4}.Commercial|.NET 1.1.ActiveCfg = Release|Build All 2.0 Platforms Simultaneously
		{F29E5B3D-7F76-4CF9-BF5E-8E3A1377B1E4}.Commercial|.NET 1.1 (Mono Libraries).ActiveCfg = Release|Build All 2.0 Platforms Simultaneously
		{F29E5B3D-7F76-4CF9-BF5E-8E3A1377B1E4}.Commercial|.NET 2.0.ActiveCfg = Release|Build All 2.0 Platforms Simultaneously
		{F29E5B3D-7F76-4CF9-BF5E-8E3A1377B1E4}.Commercial|.NET 2.0 (Mono Libraries).ActiveCfg = Release|Build All 2.0 Platforms Simultaneously
		{F29E5B3D-7F76-4CF9-BF5E-8E3A1377B1E4}.Commercial|.NET CF 1.0 (Pocket PC 2003).ActiveCfg = Release|Build All 2.0 Platforms Simultaneously
		{F29E5B3D-7F76-4CF9-BF5E-8E3A1377B1E4}.Commercial|.NET CF 1.0 (Smartphone 2003).ActiveCfg = Release|Build All 2.0 Platforms Simultaneously
		{F29E5B3D-7F76-4CF9-BF5E-8E3A1377B1E4}.Commercial|.NET CF 2.0 (Pocket PC 2003).ActiveCfg = Release|Build All 2.0 Platforms Simultaneously
		{F29E5B3D-7F76-4CF9-BF5E-8E3A1377B1E4}.Commercial|.NET CF 2.0 (Windows CE 5.0).ActiveCfg = Release|Build All 2.0 Platforms Simultaneously
		{F29E5B3D-7F76-4CF9-BF5E-8E3A1377B1E4}.Commercial|Any CPU.ActiveCfg = Release|Build All 2.0 Platforms Simultaneously
		{F29E5B3D-7F76-4CF9-BF5E-8E3A1377B1E4}.Commercial|Any CPU.Build.0 = Release|Build All 2.0 Platforms Simultaneously
		{F29E5B3D-7F76-4CF9-BF5E-8E3A1377B1E4}.Commercial|Build All 2.0 Platforms Simultaneously.ActiveCfg = Release|Build All 2.0 Platforms Simultaneously
		{F29E5B3D-7F76-4CF9-BF5E-8E3A1377B1E4}.Commercial|Build All 2.0 Platforms Simultaneously.Build.0 = Release|Build All 2.0 Platforms Simultaneously
		{F29E5B3D-7F76-4CF9-BF5E-8E3A1377B1E4}.Commercial|Build All Platforms Simultaneously.ActiveCfg = Release|Build All 2.0 Platforms Simultaneously
		{F29E5B3D-7F76-4CF9-BF5E-8E3A1377B1E4}.Commercial|x64.ActiveCfg = Release|Build All 2.0 Platforms Simultaneously
		{F29E5B3D-7F76-4CF9-BF5E-8E3A1377B1E4}.Commercial|x86.ActiveCfg = Release|Build All 2.0 Platforms Simultaneously
		{F29E5B3D-7F76-4CF9-BF5E-8E3A1377B1E4}.Debug|.NET 1.0.ActiveCfg = Debug|.NET 1.0
		{F29E5B3D-7F76-4CF9-BF5E-8E3A1377B1E4}.Debug|.NET 1.0.Build.0 = Debug|.NET 1.0
		{F29E5B3D-7F76-4CF9-BF5E-8E3A1377B1E4}.Debug|.NET 1.1.ActiveCfg = Debug|.NET 1.1
		{F29E5B3D-7F76-4CF9-BF5E-8E3A1377B1E4}.Debug|.NET 1.1.Build.0 = Debug|.NET 1.1
		{F29E5B3D-7F76-4CF9-BF5E-8E3A1377B1E4}.Debug|.NET 1.1 (Mono Libraries).ActiveCfg = Debug|.NET 1.1 (Mono Libraries)
		{F29E5B3D-7F76-4CF9-BF5E-8E3A1377B1E4}.Debug|.NET 1.1 (Mono Libraries).Build.0 = Debug|.NET 1.1 (Mono Libraries)
		{F29E5B3D-7F76-4CF9-BF5E-8E3A1377B1E4}.Debug|.NET 2.0.ActiveCfg = Debug|Any CPU
		{F29E5B3D-7F76-4CF9-BF5E-8E3A1377B1E4}.Debug|.NET 2.0.Build.0 = Debug|Any CPU
		{F29E5B3D-7F76-4CF9-BF5E-8E3A1377B1E4}.Debug|.NET 2.0 (Mono Libraries).ActiveCfg = Debug|.NET 2.0 (Mono Libraries)
		{F29E5B3D-7F76-4CF9-BF5E-8E3A1377B1E4}.Debug|.NET 2.0 (Mono Libraries).Build.0 = Debug|.NET 2.0 (Mono Libraries)
		{F29E5B3D-7F76-4CF9-BF5E-8E3A1377B1E4}.Debug|.NET CF 1.0 (Pocket PC 2003).ActiveCfg = Debug|Any CPU
		{F29E5B3D-7F76-4CF9-BF5E-8E3A1377B1E4}.Debug|.NET CF 1.0 (Smartphone 2003).ActiveCfg = Debug|.NET CF 1.0 (Smartphone 2003)
		{F29E5B3D-7F76-4CF9-BF5E-8E3A1377B1E4}.Debug|.NET CF 1.0 (Smartphone 2003).Build.0 = Debug|.NET CF 1.0 (Smartphone 2003)
		{F29E5B3D-7F76-4CF9-BF5E-8E3A1377B1E4}.Debug|.NET CF 2.0 (Pocket PC 2003).ActiveCfg = Debug|.NET CF 2.0 (Pocket PC 2003)
		{F29E5B3D-7F76-4CF9-BF5E-8E3A1377B1E4}.Debug|.NET CF 2.0 (Windows CE 5.0).ActiveCfg = Debug|.NET CF 2.0 (Windows CE 5.0)
		{F29E5B3D-7F76-4CF9-BF5E-8E3A1377B1E4}.Debug|.NET CF 2.0 (Windows CE 5.0).Build.0 = Debug|.NET CF 2.0 (Windows CE 5.0)
		{F29E5B3D-7F76-4CF9-BF5E-8E3A1377B1E4}.Debug|Any CPU.ActiveCfg = Debug|Any CPU
		{F29E5B3D-7F76-4CF9-BF5E-8E3A1377B1E4}.Debug|Any CPU.Build.0 = Debug|Any CPU
		{F29E5B3D-7F76-4CF9-BF5E-8E3A1377B1E4}.Debug|Build All 2.0 Platforms Simultaneously.ActiveCfg = Debug|Build All 2.0 Platforms Simultaneously
		{F29E5B3D-7F76-4CF9-BF5E-8E3A1377B1E4}.Debug|Build All 2.0 Platforms Simultaneously.Build.0 = Debug|Build All 2.0 Platforms Simultaneously
		{F29E5B3D-7F76-4CF9-BF5E-8E3A1377B1E4}.Debug|Build All Platforms Simultaneously.ActiveCfg = Debug|Build All Platforms Simultaneously
		{F29E5B3D-7F76-4CF9-BF5E-8E3A1377B1E4}.Debug|Build All Platforms Simultaneously.Build.0 = Debug|Build All Platforms Simultaneously
		{F29E5B3D-7F76-4CF9-BF5E-8E3A1377B1E4}.Debug|x64.ActiveCfg = Debug|Build All 2.0 Platforms Simultaneously
		{F29E5B3D-7F76-4CF9-BF5E-8E3A1377B1E4}.Debug|x86.ActiveCfg = Debug|Build All 2.0 Platforms Simultaneously
		{F29E5B3D-7F76-4CF9-BF5E-8E3A1377B1E4}.GPL|.NET 1.0.ActiveCfg = Release|.NET 1.0
		{F29E5B3D-7F76-4CF9-BF5E-8E3A1377B1E4}.GPL|.NET 1.0.Build.0 = Release|.NET 1.0
		{F29E5B3D-7F76-4CF9-BF5E-8E3A1377B1E4}.GPL|.NET 1.1.ActiveCfg = Release|.NET 1.1
		{F29E5B3D-7F76-4CF9-BF5E-8E3A1377B1E4}.GPL|.NET 1.1.Build.0 = Release|.NET 1.1
		{F29E5B3D-7F76-4CF9-BF5E-8E3A1377B1E4}.GPL|.NET 1.1 (Mono Libraries).ActiveCfg = Release|.NET 1.1 (Mono Libraries)
		{F29E5B3D-7F76-4CF9-BF5E-8E3A1377B1E4}.GPL|.NET 1.1 (Mono Libraries).Build.0 = Release|.NET 1.1 (Mono Libraries)
		{F29E5B3D-7F76-4CF9-BF5E-8E3A1377B1E4}.GPL|.NET 2.0.ActiveCfg = Release|.NET 2.0
		{F29E5B3D-7F76-4CF9-BF5E-8E3A1377B1E4}.GPL|.NET 2.0.Build.0 = Release|.NET 2.0
		{F29E5B3D-7F76-4CF9-BF5E-8E3A1377B1E4}.GPL|.NET 2.0 (Mono Libraries).ActiveCfg = Release|.NET 2.0 (Mono Libraries)
		{F29E5B3D-7F76-4CF9-BF5E-8E3A1377B1E4}.GPL|.NET 2.0 (Mono Libraries).Build.0 = Release|.NET 2.0 (Mono Libraries)
		{F29E5B3D-7F76-4CF9-BF5E-8E3A1377B1E4}.GPL|.NET CF 1.0 (Pocket PC 2003).ActiveCfg = Release|.NET CF 1.0 (Pocket PC 2003)
		{F29E5B3D-7F76-4CF9-BF5E-8E3A1377B1E4}.GPL|.NET CF 1.0 (Pocket PC 2003).Build.0 = Release|.NET CF 1.0 (Pocket PC 2003)
		{F29E5B3D-7F76-4CF9-BF5E-8E3A1377B1E4}.GPL|.NET CF 1.0 (Smartphone 2003).ActiveCfg = Release|.NET CF 1.0 (Smartphone 2003)
		{F29E5B3D-7F76-4CF9-BF5E-8E3A1377B1E4}.GPL|.NET CF 1.0 (Smartphone 2003).Build.0 = Release|.NET CF 1.0 (Smartphone 2003)
		{F29E5B3D-7F76-4CF9-BF5E-8E3A1377B1E4}.GPL|.NET CF 2.0 (Pocket PC 2003).ActiveCfg = Release|.NET CF 2.0 (Pocket PC 2003)
		{F29E5B3D-7F76-4CF9-BF5E-8E3A1377B1E4}.GPL|.NET CF 2.0 (Pocket PC 2003).Build.0 = Release|.NET CF 2.0 (Pocket PC 2003)
		{F29E5B3D-7F76-4CF9-BF5E-8E3A1377B1E4}.GPL|.NET CF 2.0 (Windows CE 5.0).ActiveCfg = Release|.NET CF 2.0 (Windows CE 5.0)
		{F29E5B3D-7F76-4CF9-BF5E-8E3A1377B1E4}.GPL|.NET CF 2.0 (Windows CE 5.0).Build.0 = Release|.NET CF 2.0 (Windows CE 5.0)
		{F29E5B3D-7F76-4CF9-BF5E-8E3A1377B1E4}.GPL|Any CPU.ActiveCfg = Release|Any CPU
		{F29E5B3D-7F76-4CF9-BF5E-8E3A1377B1E4}.GPL|Any CPU.Build.0 = Release|Any CPU
		{F29E5B3D-7F76-4CF9-BF5E-8E3A1377B1E4}.GPL|Build All 2.0 Platforms Simultaneously.ActiveCfg = Release|Build All 2.0 Platforms Simultaneously
		{F29E5B3D-7F76-4CF9-BF5E-8E3A1377B1E4}.GPL|Build All 2.0 Platforms Simultaneously.Build.0 = Release|Build All 2.0 Platforms Simultaneously
		{F29E5B3D-7F76-4CF9-BF5E-8E3A1377B1E4}.GPL|Build All Platforms Simultaneously.ActiveCfg = Release|Build All Platforms Simultaneously
		{F29E5B3D-7F76-4CF9-BF5E-8E3A1377B1E4}.GPL|Build All Platforms Simultaneously.Build.0 = Release|Build All Platforms Simultaneously
		{F29E5B3D-7F76-4CF9-BF5E-8E3A1377B1E4}.GPL|x64.ActiveCfg = Release|Build All 2.0 Platforms Simultaneously
		{F29E5B3D-7F76-4CF9-BF5E-8E3A1377B1E4}.GPL|x86.ActiveCfg = Release|Build All 2.0 Platforms Simultaneously
		{F29E5B3D-7F76-4CF9-BF5E-8E3A1377B1E4}.Release|.NET 1.0.ActiveCfg = Release|.NET 1.0
		{F29E5B3D-7F76-4CF9-BF5E-8E3A1377B1E4}.Release|.NET 1.0.Build.0 = Release|.NET 1.0
		{F29E5B3D-7F76-4CF9-BF5E-8E3A1377B1E4}.Release|.NET 1.1.ActiveCfg = Release|.NET 1.1
		{F29E5B3D-7F76-4CF9-BF5E-8E3A1377B1E4}.Release|.NET 1.1.Build.0 = Release|.NET 1.1
		{F29E5B3D-7F76-4CF9-BF5E-8E3A1377B1E4}.Release|.NET 1.1 (Mono Libraries).ActiveCfg = Release|.NET 1.1 (Mono Libraries)
		{F29E5B3D-7F76-4CF9-BF5E-8E3A1377B1E4}.Release|.NET 1.1 (Mono Libraries).Build.0 = Release|.NET 1.1 (Mono Libraries)
		{F29E5B3D-7F76-4CF9-BF5E-8E3A1377B1E4}.Release|.NET 2.0.ActiveCfg = Release|.NET 2.0
		{F29E5B3D-7F76-4CF9-BF5E-8E3A1377B1E4}.Release|.NET 2.0.Build.0 = Release|.NET 2.0
		{F29E5B3D-7F76-4CF9-BF5E-8E3A1377B1E4}.Release|.NET 2.0 (Mono Libraries).ActiveCfg = Release|.NET 2.0 (Mono Libraries)
		{F29E5B3D-7F76-4CF9-BF5E-8E3A1377B1E4}.Release|.NET 2.0 (Mono Libraries).Build.0 = Release|.NET 2.0 (Mono Libraries)
		{F29E5B3D-7F76-4CF9-BF5E-8E3A1377B1E4}.Release|.NET CF 1.0 (Pocket PC 2003).ActiveCfg = Release|.NET CF 1.0 (Pocket PC 2003)
		{F29E5B3D-7F76-4CF9-BF5E-8E3A1377B1E4}.Release|.NET CF 1.0 (Pocket PC 2003).Build.0 = Release|.NET CF 1.0 (Pocket PC 2003)
		{F29E5B3D-7F76-4CF9-BF5E-8E3A1377B1E4}.Release|.NET CF 1.0 (Smartphone 2003).ActiveCfg = Release|.NET CF 1.0 (Smartphone 2003)
		{F29E5B3D-7F76-4CF9-BF5E-8E3A1377B1E4}.Release|.NET CF 1.0 (Smartphone 2003).Build.0 = Release|.NET CF 1.0 (Smartphone 2003)
		{F29E5B3D-7F76-4CF9-BF5E-8E3A1377B1E4}.Release|.NET CF 2.0 (Pocket PC 2003).ActiveCfg = Release|.NET CF 2.0 (Pocket PC 2003)
		{F29E5B3D-7F76-4CF9-BF5E-8E3A1377B1E4}.Release|.NET CF 2.0 (Pocket PC 2003).Build.0 = Release|.NET CF 2.0 (Pocket PC 2003)
		{F29E5B3D-7F76-4CF9-BF5E-8E3A1377B1E4}.Release|.NET CF 2.0 (Windows CE 5.0).ActiveCfg = Release|.NET CF 2.0 (Windows CE 5.0)
		{F29E5B3D-7F76-4CF9-BF5E-8E3A1377B1E4}.Release|.NET CF 2.0 (Windows CE 5.0).Build.0 = Release|.NET CF 2.0 (Windows CE 5.0)
		{F29E5B3D-7F76-4CF9-BF5E-8E3A1377B1E4}.Release|Any CPU.ActiveCfg = Release|Any CPU
		{F29E5B3D-7F76-4CF9-BF5E-8E3A1377B1E4}.Release|Any CPU.Build.0 = Release|Any CPU
		{F29E5B3D-7F76-4CF9-BF5E-8E3A1377B1E4}.Release|Build All 2.0 Platforms Simultaneously.ActiveCfg = Release|Build All 2.0 Platforms Simultaneously
		{F29E5B3D-7F76-4CF9-BF5E-8E3A1377B1E4}.Release|Build All 2.0 Platforms Simultaneously.Build.0 = Release|Build All 2.0 Platforms Simultaneously
		{F29E5B3D-7F76-4CF9-BF5E-8E3A1377B1E4}.Release|Build All Platforms Simultaneously.ActiveCfg = Release|Build All Platforms Simultaneously
		{F29E5B3D-7F76-4CF9-BF5E-8E3A1377B1E4}.Release|Build All Platforms Simultaneously.Build.0 = Release|Build All Platforms Simultaneously
		{F29E5B3D-7F76-4CF9-BF5E-8E3A1377B1E4}.Release|x64.ActiveCfg = Release|Build All 2.0 Platforms Simultaneously
		{F29E5B3D-7F76-4CF9-BF5E-8E3A1377B1E4}.Release|x86.ActiveCfg = Release|Build All 2.0 Platforms Simultaneously
		{DC3517FF-AC26-4755-9B7A-EF658FF69593}.Commercial|.NET 1.0.ActiveCfg = Release|x64
		{DC3517FF-AC26-4755-9B7A-EF658FF69593}.Commercial|.NET 1.1.ActiveCfg = Release|x64
		{DC3517FF-AC26-4755-9B7A-EF658FF69593}.Commercial|.NET 1.1 (Mono Libraries).ActiveCfg = Release|x64
		{DC3517FF-AC26-4755-9B7A-EF658FF69593}.Commercial|.NET 2.0.ActiveCfg = Release|x64
		{DC3517FF-AC26-4755-9B7A-EF658FF69593}.Commercial|.NET 2.0 (Mono Libraries).ActiveCfg = Release|x64
		{DC3517FF-AC26-4755-9B7A-EF658FF69593}.Commercial|.NET CF 1.0 (Pocket PC 2003).ActiveCfg = Release|x64
		{DC3517FF-AC26-4755-9B7A-EF658FF69593}.Commercial|.NET CF 1.0 (Smartphone 2003).ActiveCfg = Release|x64
		{DC3517FF-AC26-4755-9B7A-EF658FF69593}.Commercial|.NET CF 2.0 (Pocket PC 2003).ActiveCfg = Release|x64
		{DC3517FF-AC26-4755-9B7A-EF658FF69593}.Commercial|.NET CF 2.0 (Windows CE 5.0).ActiveCfg = Release|x64
		{DC3517FF-AC26-4755-9B7A-EF658FF69593}.Commercial|Any CPU.ActiveCfg = Release|x64
		{DC3517FF-AC26-4755-9B7A-EF658FF69593}.Commercial|Any CPU.Build.0 = Release|x64
		{DC3517FF-AC26-4755-9B7A-EF658FF69593}.Commercial|Build All 2.0 Platforms Simultaneously.ActiveCfg = Release|x64
		{DC3517FF-AC26-4755-9B7A-EF658FF69593}.Commercial|Build All Platforms Simultaneously.ActiveCfg = Release|x64
		{DC3517FF-AC26-4755-9B7A-EF658FF69593}.Commercial|x64.ActiveCfg = Release|x64
		{DC3517FF-AC26-4755-9B7A-EF658FF69593}.Commercial|x64.Build.0 = Release|x64
		{DC3517FF-AC26-4755-9B7A-EF658FF69593}.Commercial|x86.ActiveCfg = Release|x64
		{DC3517FF-AC26-4755-9B7A-EF658FF69593}.Debug|.NET 1.0.ActiveCfg = Debug|x64
		{DC3517FF-AC26-4755-9B7A-EF658FF69593}.Debug|.NET 1.1.ActiveCfg = Debug|x64
		{DC3517FF-AC26-4755-9B7A-EF658FF69593}.Debug|.NET 1.1 (Mono Libraries).ActiveCfg = Debug|x64
		{DC3517FF-AC26-4755-9B7A-EF658FF69593}.Debug|.NET 2.0.ActiveCfg = Debug|Any CPU
		{DC3517FF-AC26-4755-9B7A-EF658FF69593}.Debug|.NET 2.0 (Mono Libraries).ActiveCfg = Debug|x64
		{DC3517FF-AC26-4755-9B7A-EF658FF69593}.Debug|.NET CF 1.0 (Pocket PC 2003).ActiveCfg = Debug|x64
		{DC3517FF-AC26-4755-9B7A-EF658FF69593}.Debug|.NET CF 1.0 (Smartphone 2003).ActiveCfg = Debug|x64
		{DC3517FF-AC26-4755-9B7A-EF658FF69593}.Debug|.NET CF 2.0 (Pocket PC 2003).ActiveCfg = Debug|x64
		{DC3517FF-AC26-4755-9B7A-EF658FF69593}.Debug|.NET CF 2.0 (Windows CE 5.0).ActiveCfg = Debug|x64
		{DC3517FF-AC26-4755-9B7A-EF658FF69593}.Debug|Any CPU.ActiveCfg = Debug|Any CPU
		{DC3517FF-AC26-4755-9B7A-EF658FF69593}.Debug|Any CPU.Build.0 = Debug|Any CPU
		{DC3517FF-AC26-4755-9B7A-EF658FF69593}.Debug|Build All 2.0 Platforms Simultaneously.ActiveCfg = Debug|x64
		{DC3517FF-AC26-4755-9B7A-EF658FF69593}.Debug|Build All Platforms Simultaneously.ActiveCfg = Debug|x64
		{DC3517FF-AC26-4755-9B7A-EF658FF69593}.Debug|x64.ActiveCfg = Debug|x64
		{DC3517FF-AC26-4755-9B7A-EF658FF69593}.Debug|x64.Build.0 = Debug|x64
		{DC3517FF-AC26-4755-9B7A-EF658FF69593}.Debug|x86.ActiveCfg = Debug|x64
		{DC3517FF-AC26-4755-9B7A-EF658FF69593}.GPL|.NET 1.0.ActiveCfg = Release|x64
		{DC3517FF-AC26-4755-9B7A-EF658FF69593}.GPL|.NET 1.1.ActiveCfg = Release|x64
		{DC3517FF-AC26-4755-9B7A-EF658FF69593}.GPL|.NET 1.1 (Mono Libraries).ActiveCfg = Release|x64
		{DC3517FF-AC26-4755-9B7A-EF658FF69593}.GPL|.NET 2.0.ActiveCfg = Release|Any CPU
		{DC3517FF-AC26-4755-9B7A-EF658FF69593}.GPL|.NET 2.0.Build.0 = Release|Any CPU
		{DC3517FF-AC26-4755-9B7A-EF658FF69593}.GPL|.NET 2.0 (Mono Libraries).ActiveCfg = Release|x64
		{DC3517FF-AC26-4755-9B7A-EF658FF69593}.GPL|.NET CF 1.0 (Pocket PC 2003).ActiveCfg = Release|x64
		{DC3517FF-AC26-4755-9B7A-EF658FF69593}.GPL|.NET CF 1.0 (Smartphone 2003).ActiveCfg = Release|x64
		{DC3517FF-AC26-4755-9B7A-EF658FF69593}.GPL|.NET CF 2.0 (Pocket PC 2003).ActiveCfg = Release|x64
		{DC3517FF-AC26-4755-9B7A-EF658FF69593}.GPL|.NET CF 2.0 (Windows CE 5.0).ActiveCfg = Release|x64
		{DC3517FF-AC26-4755-9B7A-EF658FF69593}.GPL|Any CPU.ActiveCfg = Release|Any CPU
		{DC3517FF-AC26-4755-9B7A-EF658FF69593}.GPL|Any CPU.Build.0 = Release|Any CPU
		{DC3517FF-AC26-4755-9B7A-EF658FF69593}.GPL|Build All 2.0 Platforms Simultaneously.ActiveCfg = Release|x64
		{DC3517FF-AC26-4755-9B7A-EF658FF69593}.GPL|Build All Platforms Simultaneously.ActiveCfg = Release|x64
		{DC3517FF-AC26-4755-9B7A-EF658FF69593}.GPL|x64.ActiveCfg = Release|x64
		{DC3517FF-AC26-4755-9B7A-EF658FF69593}.GPL|x64.Build.0 = Release|x64
		{DC3517FF-AC26-4755-9B7A-EF658FF69593}.GPL|x86.ActiveCfg = Release|x64
		{DC3517FF-AC26-4755-9B7A-EF658FF69593}.Release|.NET 1.0.ActiveCfg = Release|x64
		{DC3517FF-AC26-4755-9B7A-EF658FF69593}.Release|.NET 1.1.ActiveCfg = Release|x64
		{DC3517FF-AC26-4755-9B7A-EF658FF69593}.Release|.NET 1.1 (Mono Libraries).ActiveCfg = Release|x64
		{DC3517FF-AC26-4755-9B7A-EF658FF69593}.Release|.NET 2.0.ActiveCfg = Release|x64
		{DC3517FF-AC26-4755-9B7A-EF658FF69593}.Release|.NET 2.0 (Mono Libraries).ActiveCfg = Release|x64
		{DC3517FF-AC26-4755-9B7A-EF658FF69593}.Release|.NET CF 1.0 (Pocket PC 2003).ActiveCfg = Release|x64
		{DC3517FF-AC26-4755-9B7A-EF658FF69593}.Release|.NET CF 1.0 (Smartphone 2003).ActiveCfg = Release|x64
		{DC3517FF-AC26-4755-9B7A-EF658FF69593}.Release|.NET CF 2.0 (Pocket PC 2003).ActiveCfg = Release|x64
		{DC3517FF-AC26-4755-9B7A-EF658FF69593}.Release|.NET CF 2.0 (Windows CE 5.0).ActiveCfg = Release|x64
		{DC3517FF-AC26-4755-9B7A-EF658FF69593}.Release|Any CPU.ActiveCfg = Release|Any CPU
		{DC3517FF-AC26-4755-9B7A-EF658FF69593}.Release|Any CPU.Build.0 = Release|Any CPU
		{DC3517FF-AC26-4755-9B7A-EF658FF69593}.Release|Build All 2.0 Platforms Simultaneously.ActiveCfg = Release|x64
		{DC3517FF-AC26-4755-9B7A-EF658FF69593}.Release|Build All Platforms Simultaneously.ActiveCfg = Release|x64
		{DC3517FF-AC26-4755-9B7A-EF658FF69593}.Release|x64.ActiveCfg = Release|x64
		{DC3517FF-AC26-4755-9B7A-EF658FF69593}.Release|x64.Build.0 = Release|x64
		{DC3517FF-AC26-4755-9B7A-EF658FF69593}.Release|x86.ActiveCfg = Release|x64
		{F533FC43-6C05-4A64-8AF6-72B690EB06C3}.Commercial|.NET 1.0.ActiveCfg = Commercial|Any CPU
		{F533FC43-6C05-4A64-8AF6-72B690EB06C3}.Commercial|.NET 1.1.ActiveCfg = Commercial|Any CPU
		{F533FC43-6C05-4A64-8AF6-72B690EB06C3}.Commercial|.NET 1.1 (Mono Libraries).ActiveCfg = Commercial|Any CPU
		{F533FC43-6C05-4A64-8AF6-72B690EB06C3}.Commercial|.NET 2.0.ActiveCfg = Commercial|Any CPU
		{F533FC43-6C05-4A64-8AF6-72B690EB06C3}.Commercial|.NET 2.0 (Mono Libraries).ActiveCfg = Commercial|Any CPU
		{F533FC43-6C05-4A64-8AF6-72B690EB06C3}.Commercial|.NET CF 1.0 (Pocket PC 2003).ActiveCfg = Commercial|Any CPU
		{F533FC43-6C05-4A64-8AF6-72B690EB06C3}.Commercial|.NET CF 1.0 (Smartphone 2003).ActiveCfg = Commercial|Any CPU
		{F533FC43-6C05-4A64-8AF6-72B690EB06C3}.Commercial|.NET CF 2.0 (Pocket PC 2003).ActiveCfg = Commercial|Any CPU
		{F533FC43-6C05-4A64-8AF6-72B690EB06C3}.Commercial|.NET CF 2.0 (Windows CE 5.0).ActiveCfg = Commercial|Any CPU
		{F533FC43-6C05-4A64-8AF6-72B690EB06C3}.Commercial|Any CPU.ActiveCfg = Commercial|Any CPU
		{F533FC43-6C05-4A64-8AF6-72B690EB06C3}.Commercial|Any CPU.Build.0 = Commercial|Any CPU
		{F533FC43-6C05-4A64-8AF6-72B690EB06C3}.Commercial|Build All 2.0 Platforms Simultaneously.ActiveCfg = Commercial|Any CPU
		{F533FC43-6C05-4A64-8AF6-72B690EB06C3}.Commercial|Build All Platforms Simultaneously.ActiveCfg = Commercial|Any CPU
		{F533FC43-6C05-4A64-8AF6-72B690EB06C3}.Commercial|x64.ActiveCfg = Commercial|Any CPU
		{F533FC43-6C05-4A64-8AF6-72B690EB06C3}.Commercial|x86.ActiveCfg = Commercial|Any CPU
		{F533FC43-6C05-4A64-8AF6-72B690EB06C3}.Debug|.NET 1.0.ActiveCfg = Commercial|Any CPU
		{F533FC43-6C05-4A64-8AF6-72B690EB06C3}.Debug|.NET 1.1.ActiveCfg = Commercial|Any CPU
		{F533FC43-6C05-4A64-8AF6-72B690EB06C3}.Debug|.NET 1.1 (Mono Libraries).ActiveCfg = Commercial|Any CPU
		{F533FC43-6C05-4A64-8AF6-72B690EB06C3}.Debug|.NET 2.0.ActiveCfg = Commercial|Any CPU
		{F533FC43-6C05-4A64-8AF6-72B690EB06C3}.Debug|.NET 2.0 (Mono Libraries).ActiveCfg = Commercial|Any CPU
		{F533FC43-6C05-4A64-8AF6-72B690EB06C3}.Debug|.NET CF 1.0 (Pocket PC 2003).ActiveCfg = Commercial|Any CPU
		{F533FC43-6C05-4A64-8AF6-72B690EB06C3}.Debug|.NET CF 1.0 (Smartphone 2003).ActiveCfg = Commercial|Any CPU
		{F533FC43-6C05-4A64-8AF6-72B690EB06C3}.Debug|.NET CF 2.0 (Pocket PC 2003).ActiveCfg = Commercial|Any CPU
		{F533FC43-6C05-4A64-8AF6-72B690EB06C3}.Debug|.NET CF 2.0 (Windows CE 5.0).ActiveCfg = Commercial|Any CPU
		{F533FC43-6C05-4A64-8AF6-72B690EB06C3}.Debug|Any CPU.ActiveCfg = Commercial|Any CPU
		{F533FC43-6C05-4A64-8AF6-72B690EB06C3}.Debug|Build All 2.0 Platforms Simultaneously.ActiveCfg = Commercial|Any CPU
		{F533FC43-6C05-4A64-8AF6-72B690EB06C3}.Debug|Build All Platforms Simultaneously.ActiveCfg = Commercial|Any CPU
		{F533FC43-6C05-4A64-8AF6-72B690EB06C3}.Debug|x64.ActiveCfg = Commercial|Any CPU
		{F533FC43-6C05-4A64-8AF6-72B690EB06C3}.Debug|x86.ActiveCfg = Commercial|Any CPU
		{F533FC43-6C05-4A64-8AF6-72B690EB06C3}.GPL|.NET 1.0.ActiveCfg = Commercial|Any CPU
		{F533FC43-6C05-4A64-8AF6-72B690EB06C3}.GPL|.NET 1.1.ActiveCfg = Commercial|Any CPU
		{F533FC43-6C05-4A64-8AF6-72B690EB06C3}.GPL|.NET 1.1 (Mono Libraries).ActiveCfg = Commercial|Any CPU
		{F533FC43-6C05-4A64-8AF6-72B690EB06C3}.GPL|.NET 2.0.ActiveCfg = GPL|Any CPU
		{F533FC43-6C05-4A64-8AF6-72B690EB06C3}.GPL|.NET 2.0.Build.0 = GPL|Any CPU
		{F533FC43-6C05-4A64-8AF6-72B690EB06C3}.GPL|.NET 2.0 (Mono Libraries).ActiveCfg = Commercial|Any CPU
		{F533FC43-6C05-4A64-8AF6-72B690EB06C3}.GPL|.NET CF 1.0 (Pocket PC 2003).ActiveCfg = Commercial|Any CPU
		{F533FC43-6C05-4A64-8AF6-72B690EB06C3}.GPL|.NET CF 1.0 (Smartphone 2003).ActiveCfg = Commercial|Any CPU
		{F533FC43-6C05-4A64-8AF6-72B690EB06C3}.GPL|.NET CF 2.0 (Pocket PC 2003).ActiveCfg = Commercial|Any CPU
		{F533FC43-6C05-4A64-8AF6-72B690EB06C3}.GPL|.NET CF 2.0 (Windows CE 5.0).ActiveCfg = Commercial|Any CPU
		{F533FC43-6C05-4A64-8AF6-72B690EB06C3}.GPL|Any CPU.ActiveCfg = GPL|Any CPU
		{F533FC43-6C05-4A64-8AF6-72B690EB06C3}.GPL|Any CPU.Build.0 = GPL|Any CPU
		{F533FC43-6C05-4A64-8AF6-72B690EB06C3}.GPL|Build All 2.0 Platforms Simultaneously.ActiveCfg = Commercial|Any CPU
		{F533FC43-6C05-4A64-8AF6-72B690EB06C3}.GPL|Build All Platforms Simultaneously.ActiveCfg = Commercial|Any CPU
		{F533FC43-6C05-4A64-8AF6-72B690EB06C3}.GPL|x64.ActiveCfg = Commercial|Any CPU
		{F533FC43-6C05-4A64-8AF6-72B690EB06C3}.GPL|x86.ActiveCfg = Commercial|Any CPU
		{F533FC43-6C05-4A64-8AF6-72B690EB06C3}.Release|.NET 1.0.ActiveCfg = Commercial|Any CPU
		{F533FC43-6C05-4A64-8AF6-72B690EB06C3}.Release|.NET 1.1.ActiveCfg = Commercial|Any CPU
		{F533FC43-6C05-4A64-8AF6-72B690EB06C3}.Release|.NET 1.1 (Mono Libraries).ActiveCfg = Commercial|Any CPU
		{F533FC43-6C05-4A64-8AF6-72B690EB06C3}.Release|.NET 2.0.ActiveCfg = Commercial|Any CPU
		{F533FC43-6C05-4A64-8AF6-72B690EB06C3}.Release|.NET 2.0 (Mono Libraries).ActiveCfg = Commercial|Any CPU
		{F533FC43-6C05-4A64-8AF6-72B690EB06C3}.Release|.NET CF 1.0 (Pocket PC 2003).ActiveCfg = Commercial|Any CPU
		{F533FC43-6C05-4A64-8AF6-72B690EB06C3}.Release|.NET CF 1.0 (Smartphone 2003).ActiveCfg = Commercial|Any CPU
		{F533FC43-6C05-4A64-8AF6-72B690EB06C3}.Release|.NET CF 2.0 (Pocket PC 2003).ActiveCfg = Commercial|Any CPU
		{F533FC43-6C05-4A64-8AF6-72B690EB06C3}.Release|.NET CF 2.0 (Windows CE 5.0).ActiveCfg = Commercial|Any CPU
		{F533FC43-6C05-4A64-8AF6-72B690EB06C3}.Release|Any CPU.ActiveCfg = Commercial|Any CPU
		{F533FC43-6C05-4A64-8AF6-72B690EB06C3}.Release|Build All 2.0 Platforms Simultaneously.ActiveCfg = Commercial|Any CPU
		{F533FC43-6C05-4A64-8AF6-72B690EB06C3}.Release|Build All Platforms Simultaneously.ActiveCfg = Commercial|Any CPU
		{F533FC43-6C05-4A64-8AF6-72B690EB06C3}.Release|x64.ActiveCfg = Commercial|Any CPU
		{F533FC43-6C05-4A64-8AF6-72B690EB06C3}.Release|x86.ActiveCfg = Commercial|Any CPU
		{586DC799-0E59-4494-8E95-FC554E3A8D25}.Commercial|.NET 1.0.ActiveCfg = Release|Any CPU
		{586DC799-0E59-4494-8E95-FC554E3A8D25}.Commercial|.NET 1.1.ActiveCfg = Release|Any CPU
		{586DC799-0E59-4494-8E95-FC554E3A8D25}.Commercial|.NET 1.1 (Mono Libraries).ActiveCfg = Release|Any CPU
		{586DC799-0E59-4494-8E95-FC554E3A8D25}.Commercial|.NET 2.0.ActiveCfg = Release|Any CPU
		{586DC799-0E59-4494-8E95-FC554E3A8D25}.Commercial|.NET 2.0 (Mono Libraries).ActiveCfg = Release|Any CPU
		{586DC799-0E59-4494-8E95-FC554E3A8D25}.Commercial|.NET CF 1.0 (Pocket PC 2003).ActiveCfg = Release|Any CPU
		{586DC799-0E59-4494-8E95-FC554E3A8D25}.Commercial|.NET CF 1.0 (Smartphone 2003).ActiveCfg = Release|Any CPU
		{586DC799-0E59-4494-8E95-FC554E3A8D25}.Commercial|.NET CF 2.0 (Pocket PC 2003).ActiveCfg = Release|Any CPU
		{586DC799-0E59-4494-8E95-FC554E3A8D25}.Commercial|.NET CF 2.0 (Windows CE 5.0).ActiveCfg = Release|Any CPU
		{586DC799-0E59-4494-8E95-FC554E3A8D25}.Commercial|Any CPU.ActiveCfg = Release|Any CPU
		{586DC799-0E59-4494-8E95-FC554E3A8D25}.Commercial|Any CPU.Build.0 = Release|Any CPU
		{586DC799-0E59-4494-8E95-FC554E3A8D25}.Commercial|Any CPU.Deploy.0 = Release|Any CPU
		{586DC799-0E59-4494-8E95-FC554E3A8D25}.Commercial|Build All 2.0 Platforms Simultaneously.ActiveCfg = Release|Any CPU
		{586DC799-0E59-4494-8E95-FC554E3A8D25}.Commercial|Build All Platforms Simultaneously.ActiveCfg = Release|Any CPU
		{586DC799-0E59-4494-8E95-FC554E3A8D25}.Commercial|x64.ActiveCfg = Release|Any CPU
		{586DC799-0E59-4494-8E95-FC554E3A8D25}.Commercial|x86.ActiveCfg = Release|Any CPU
		{586DC799-0E59-4494-8E95-FC554E3A8D25}.Debug|.NET 1.0.ActiveCfg = Debug|Any CPU
		{586DC799-0E59-4494-8E95-FC554E3A8D25}.Debug|.NET 1.1.ActiveCfg = Debug|Any CPU
		{586DC799-0E59-4494-8E95-FC554E3A8D25}.Debug|.NET 1.1 (Mono Libraries).ActiveCfg = Debug|Any CPU
		{586DC799-0E59-4494-8E95-FC554E3A8D25}.Debug|.NET 2.0.ActiveCfg = Debug|Any CPU
		{586DC799-0E59-4494-8E95-FC554E3A8D25}.Debug|.NET 2.0 (Mono Libraries).ActiveCfg = Debug|Any CPU
		{586DC799-0E59-4494-8E95-FC554E3A8D25}.Debug|.NET CF 1.0 (Pocket PC 2003).ActiveCfg = Debug|Any CPU
		{586DC799-0E59-4494-8E95-FC554E3A8D25}.Debug|.NET CF 1.0 (Smartphone 2003).ActiveCfg = Debug|Any CPU
		{586DC799-0E59-4494-8E95-FC554E3A8D25}.Debug|.NET CF 2.0 (Pocket PC 2003).ActiveCfg = Debug|Any CPU
		{586DC799-0E59-4494-8E95-FC554E3A8D25}.Debug|.NET CF 2.0 (Windows CE 5.0).ActiveCfg = Debug|Any CPU
		{586DC799-0E59-4494-8E95-FC554E3A8D25}.Debug|Any CPU.ActiveCfg = Debug|Any CPU
		{586DC799-0E59-4494-8E95-FC554E3A8D25}.Debug|Any CPU.Build.0 = Debug|Any CPU
		{586DC799-0E59-4494-8E95-FC554E3A8D25}.Debug|Any CPU.Deploy.0 = Debug|Any CPU
		{586DC799-0E59-4494-8E95-FC554E3A8D25}.Debug|Build All 2.0 Platforms Simultaneously.ActiveCfg = Debug|Any CPU
		{586DC799-0E59-4494-8E95-FC554E3A8D25}.Debug|Build All Platforms Simultaneously.ActiveCfg = Debug|Any CPU
		{586DC799-0E59-4494-8E95-FC554E3A8D25}.Debug|x64.ActiveCfg = Debug|Any CPU
		{586DC799-0E59-4494-8E95-FC554E3A8D25}.Debug|x86.ActiveCfg = Debug|Any CPU
		{586DC799-0E59-4494-8E95-FC554E3A8D25}.GPL|.NET 1.0.ActiveCfg = Release|Any CPU
		{586DC799-0E59-4494-8E95-FC554E3A8D25}.GPL|.NET 1.1.ActiveCfg = Release|Any CPU
		{586DC799-0E59-4494-8E95-FC554E3A8D25}.GPL|.NET 1.1 (Mono Libraries).ActiveCfg = Release|Any CPU
		{586DC799-0E59-4494-8E95-FC554E3A8D25}.GPL|.NET 2.0.ActiveCfg = Release|Any CPU
		{586DC799-0E59-4494-8E95-FC554E3A8D25}.GPL|.NET 2.0 (Mono Libraries).ActiveCfg = Release|Any CPU
		{586DC799-0E59-4494-8E95-FC554E3A8D25}.GPL|.NET CF 1.0 (Pocket PC 2003).ActiveCfg = Release|Any CPU
		{586DC799-0E59-4494-8E95-FC554E3A8D25}.GPL|.NET CF 1.0 (Smartphone 2003).ActiveCfg = Release|Any CPU
		{586DC799-0E59-4494-8E95-FC554E3A8D25}.GPL|.NET CF 2.0 (Pocket PC 2003).ActiveCfg = Release|Any CPU
		{586DC799-0E59-4494-8E95-FC554E3A8D25}.GPL|.NET CF 2.0 (Windows CE 5.0).ActiveCfg = Release|Any CPU
		{586DC799-0E59-4494-8E95-FC554E3A8D25}.GPL|Any CPU.ActiveCfg = Release|Any CPU
		{586DC799-0E59-4494-8E95-FC554E3A8D25}.GPL|Any CPU.Build.0 = Release|Any CPU
		{586DC799-0E59-4494-8E95-FC554E3A8D25}.GPL|Any CPU.Deploy.0 = Release|Any CPU
		{586DC799-0E59-4494-8E95-FC554E3A8D25}.GPL|Build All 2.0 Platforms Simultaneously.ActiveCfg = Release|Any CPU
		{586DC799-0E59-4494-8E95-FC554E3A8D25}.GPL|Build All Platforms Simultaneously.ActiveCfg = Release|Any CPU
		{586DC799-0E59-4494-8E95-FC554E3A8D25}.GPL|x64.ActiveCfg = Release|Any CPU
		{586DC799-0E59-4494-8E95-FC554E3A8D25}.GPL|x86.ActiveCfg = Release|Any CPU
		{586DC799-0E59-4494-8E95-FC554E3A8D25}.Release|.NET 1.0.ActiveCfg = Release|Any CPU
		{586DC799-0E59-4494-8E95-FC554E3A8D25}.Release|.NET 1.1.ActiveCfg = Release|Any CPU
		{586DC799-0E59-4494-8E95-FC554E3A8D25}.Release|.NET 1.1 (Mono Libraries).ActiveCfg = Release|Any CPU
		{586DC799-0E59-4494-8E95-FC554E3A8D25}.Release|.NET 2.0.ActiveCfg = Release|Any CPU
		{586DC799-0E59-4494-8E95-FC554E3A8D25}.Release|.NET 2.0 (Mono Libraries).ActiveCfg = Release|Any CPU
		{586DC799-0E59-4494-8E95-FC554E3A8D25}.Release|.NET CF 1.0 (Pocket PC 2003).ActiveCfg = Release|Any CPU
		{586DC799-0E59-4494-8E95-FC554E3A8D25}.Release|.NET CF 1.0 (Smartphone 2003).ActiveCfg = Release|Any CPU
		{586DC799-0E59-4494-8E95-FC554E3A8D25}.Release|.NET CF 2.0 (Pocket PC 2003).ActiveCfg = Release|Any CPU
		{586DC799-0E59-4494-8E95-FC554E3A8D25}.Release|.NET CF 2.0 (Windows CE 5.0).ActiveCfg = Release|Any CPU
		{586DC799-0E59-4494-8E95-FC554E3A8D25}.Release|Any CPU.ActiveCfg = Release|Any CPU
		{586DC799-0E59-4494-8E95-FC554E3A8D25}.Release|Any CPU.Build.0 = Release|Any CPU
		{586DC799-0E59-4494-8E95-FC554E3A8D25}.Release|Any CPU.Deploy.0 = Release|Any CPU
		{586DC799-0E59-4494-8E95-FC554E3A8D25}.Release|Build All 2.0 Platforms Simultaneously.ActiveCfg = Release|Any CPU
		{586DC799-0E59-4494-8E95-FC554E3A8D25}.Release|Build All Platforms Simultaneously.ActiveCfg = Release|Any CPU
		{586DC799-0E59-4494-8E95-FC554E3A8D25}.Release|x64.ActiveCfg = Release|Any CPU
		{586DC799-0E59-4494-8E95-FC554E3A8D25}.Release|x86.ActiveCfg = Release|Any CPU
	EndGlobalSection
	GlobalSection(SolutionProperties) = preSolution
		HideSolutionNode = FALSE
	EndGlobalSection
EndGlobal
