Microsoft Visual Studio Solution File, Format Version 8.00
Project("{FAE04EC0-301F-11D3-BF4B-00C04F79EFBC}") = "MySql.Data", "MySql.Data.csproj", "{5EAEFBC4-8389-4120-BAB3-9B27174F6F6F}"
	ProjectSection(ProjectDependencies) = postProject
	EndProjectSection
EndProject
Project("{FAE04EC0-301F-11D3-BF4B-00C04F79EFBC}") = "MySql.Data.Tests", "TestSuite\MySql.Data.Tests.csproj", "{92CB29DF-61DE-4277-8DC6-D3587C7311EE}"
	ProjectSection(ProjectDependencies) = postProject
		{5EAEFBC4-8389-4120-BAB3-9B27174F6F6F} = {5EAEFBC4-8389-4120-BAB3-9B27174F6F6F}
	EndProjectSection
EndProject
Global
	GlobalSection(SolutionConfiguration) = preSolution
		Debug = Debug
		Release = Release
	EndGlobalSection
	GlobalSection(ProjectConfiguration) = postSolution
		{5EAEFBC4-8389-4120-BAB3-9B27174F6F6F}.Debug.ActiveCfg = Debug|.NET
		{5EAEFBC4-8389-4120-BAB3-9B27174F6F6F}.Debug.Build.0 = Debug|.NET
		{5EAEFBC4-8389-4120-BAB3-9B27174F6F6F}.Release.ActiveCfg = Release|.NET
		{5EAEFBC4-8389-4120-BAB3-9B27174F6F6F}.Release.Build.0 = Release|.NET
		{92CB29DF-61DE-4277-8DC6-D3587C7311EE}.Debug.ActiveCfg = Debug|.NET
		{92CB29DF-61DE-4277-8DC6-D3587C7311EE}.Debug.Build.0 = Debug|.NET
		{92CB29DF-61DE-4277-8DC6-D3587C7311EE}.Release.ActiveCfg = Release|.NET
		{92CB29DF-61DE-4277-8DC6-D3587C7311EE}.Release.Build.0 = Release|.NET
	EndGlobalSection
	GlobalSection(ExtensibilityGlobals) = postSolution
	EndGlobalSection
	GlobalSection(ExtensibilityAddIns) = postSolution
	EndGlobalSection
EndGlobal
