Microsoft Visual Studio Solution File, Format Version 9.00
# Visual Studio 2005
Project("{FAE04EC0-301F-11D3-BF4B-00C04F79EFBC}") = "MySql.Web", "MySql.Web\MySql.Web.csproj", "{C28B1166-1380-445D-AEC1-8A18B990DD18}"
EndProject
Project("{FAE04EC0-301F-11D3-BF4B-00C04F79EFBC}") = "MySql.Data", "Driver\MySql.Data.csproj", "{E9DF5ED1-4CBD-4226-B931-9A51610AC14D}"
EndProject
Project("{FAE04EC0-301F-11D3-BF4B-00C04F79EFBC}") = "MySql.Data.Tests", "TestSuite\MySql.Data.Tests.csproj", "{F29E5B3D-7F76-4CF9-BF5E-8E3A1377B1E4}"
EndProject
Global
	GlobalSection(TestCaseManagementSettings) = postSolution
		CategoryFile = MySQLClient.2005.vsmdi
	EndGlobalSection
	GlobalSection(SolutionConfigurationPlatforms) = preSolution
		Debug|.NET 1.0 = Debug|.NET 1.0
		Debug|.NET 1.1 = Debug|.NET 1.1
		Debug|.NET 1.1 (Mono Libraries) = Debug|.NET 1.1 (Mono Libraries)
		Debug|.NET 2.0 = Debug|.NET 2.0
		Debug|.NET 2.0 (Mono Libraries) = Debug|.NET 2.0 (Mono Libraries)
		Debug|.NET CF 1.0 (Pocket PC 2003) = Debug|.NET CF 1.0 (Pocket PC 2003)
		Debug|.NET CF 1.0 (Smartphone 2003) = Debug|.NET CF 1.0 (Smartphone 2003)
		Debug|.NET CF 2.0 (Pocket PC 2003) = Debug|.NET CF 2.0 (Pocket PC 2003)
		Debug|.NET CF 2.0 (Windows CE 5.0) = Debug|.NET CF 2.0 (Windows CE 5.0)
		Debug|Any CPU = Debug|Any CPU
		Debug|Build All 2.0 Platforms Simultaneously = Debug|Build All 2.0 Platforms Simultaneously
		Debug|Build All Platforms Simultaneously = Debug|Build All Platforms Simultaneously
		Debug|x86 = Debug|x86
		Release|.NET 1.0 = Release|.NET 1.0
		Release|.NET 1.1 = Release|.NET 1.1
		Release|.NET 1.1 (Mono Libraries) = Release|.NET 1.1 (Mono Libraries)
		Release|.NET 2.0 = Release|.NET 2.0
		Release|.NET 2.0 (Mono Libraries) = Release|.NET 2.0 (Mono Libraries)
		Release|.NET CF 1.0 (Pocket PC 2003) = Release|.NET CF 1.0 (Pocket PC 2003)
		Release|.NET CF 1.0 (Smartphone 2003) = Release|.NET CF 1.0 (Smartphone 2003)
		Release|.NET CF 2.0 (Pocket PC 2003) = Release|.NET CF 2.0 (Pocket PC 2003)
		Release|.NET CF 2.0 (Windows CE 5.0) = Release|.NET CF 2.0 (Windows CE 5.0)
		Release|Any CPU = Release|Any CPU
		Release|Build All 2.0 Platforms Simultaneously = Release|Build All 2.0 Platforms Simultaneously
		Release|Build All Platforms Simultaneously = Release|Build All Platforms Simultaneously
		Release|x86 = Release|x86
	EndGlobalSection
	GlobalSection(ProjectConfigurationPlatforms) = postSolution
		{C28B1166-1380-445D-AEC1-8A18B990DD18}.Debug|.NET 1.0.ActiveCfg = Debug|Any CPU
		{C28B1166-1380-445D-AEC1-8A18B990DD18}.Debug|.NET 1.1.ActiveCfg = Debug|Any CPU
		{C28B1166-1380-445D-AEC1-8A18B990DD18}.Debug|.NET 1.1 (Mono Libraries).ActiveCfg = Debug|Any CPU
		{C28B1166-1380-445D-AEC1-8A18B990DD18}.Debug|.NET 2.0.ActiveCfg = Debug|Any CPU
		{C28B1166-1380-445D-AEC1-8A18B990DD18}.Debug|.NET 2.0 (Mono Libraries).ActiveCfg = Debug|Any CPU
		{C28B1166-1380-445D-AEC1-8A18B990DD18}.Debug|.NET CF 1.0 (Pocket PC 2003).ActiveCfg = Debug|Any CPU
		{C28B1166-1380-445D-AEC1-8A18B990DD18}.Debug|.NET CF 1.0 (Smartphone 2003).ActiveCfg = Debug|Any CPU
		{C28B1166-1380-445D-AEC1-8A18B990DD18}.Debug|.NET CF 2.0 (Pocket PC 2003).ActiveCfg = Debug|Any CPU
		{C28B1166-1380-445D-AEC1-8A18B990DD18}.Debug|.NET CF 2.0 (Windows CE 5.0).ActiveCfg = Debug|Any CPU
		{C28B1166-1380-445D-AEC1-8A18B990DD18}.Debug|Any CPU.ActiveCfg = Debug|Any CPU
		{C28B1166-1380-445D-AEC1-8A18B990DD18}.Debug|Build All 2.0 Platforms Simultaneously.ActiveCfg = Debug|Any CPU
		{C28B1166-1380-445D-AEC1-8A18B990DD18}.Debug|Build All Platforms Simultaneously.ActiveCfg = Debug|Any CPU
		{C28B1166-1380-445D-AEC1-8A18B990DD18}.Debug|x86.ActiveCfg = Debug|Any CPU
		{C28B1166-1380-445D-AEC1-8A18B990DD18}.Release|.NET 1.0.ActiveCfg = Release|Any CPU
		{C28B1166-1380-445D-AEC1-8A18B990DD18}.Release|.NET 1.1.ActiveCfg = Release|Any CPU
		{C28B1166-1380-445D-AEC1-8A18B990DD18}.Release|.NET 1.1 (Mono Libraries).ActiveCfg = Release|Any CPU
		{C28B1166-1380-445D-AEC1-8A18B990DD18}.Release|.NET 2.0.ActiveCfg = Release|Any CPU
		{C28B1166-1380-445D-AEC1-8A18B990DD18}.Release|.NET 2.0 (Mono Libraries).ActiveCfg = Release|Any CPU
		{C28B1166-1380-445D-AEC1-8A18B990DD18}.Release|.NET CF 1.0 (Pocket PC 2003).ActiveCfg = Release|Any CPU
		{C28B1166-1380-445D-AEC1-8A18B990DD18}.Release|.NET CF 1.0 (Smartphone 2003).ActiveCfg = Release|Any CPU
		{C28B1166-1380-445D-AEC1-8A18B990DD18}.Release|.NET CF 2.0 (Pocket PC 2003).ActiveCfg = Release|Any CPU
		{C28B1166-1380-445D-AEC1-8A18B990DD18}.Release|.NET CF 2.0 (Windows CE 5.0).ActiveCfg = Release|Any CPU
		{C28B1166-1380-445D-AEC1-8A18B990DD18}.Release|Any CPU.ActiveCfg = Release|Any CPU
		{C28B1166-1380-445D-AEC1-8A18B990DD18}.Release|Any CPU.Build.0 = Release|Any CPU
		{C28B1166-1380-445D-AEC1-8A18B990DD18}.Release|Build All 2.0 Platforms Simultaneously.ActiveCfg = Release|Any CPU
		{C28B1166-1380-445D-AEC1-8A18B990DD18}.Release|Build All Platforms Simultaneously.ActiveCfg = Release|Any CPU
		{C28B1166-1380-445D-AEC1-8A18B990DD18}.Release|x86.ActiveCfg = Release|Any CPU
		{E9DF5ED1-4CBD-4226-B931-9A51610AC14D}.Debug|.NET 1.0.ActiveCfg = Debug|.NET 1.0
		{E9DF5ED1-4CBD-4226-B931-9A51610AC14D}.Debug|.NET 1.0.Build.0 = Debug|.NET 1.0
		{E9DF5ED1-4CBD-4226-B931-9A51610AC14D}.Debug|.NET 1.1.ActiveCfg = Debug|.NET 1.1
		{E9DF5ED1-4CBD-4226-B931-9A51610AC14D}.Debug|.NET 1.1.Build.0 = Debug|.NET 1.1
		{E9DF5ED1-4CBD-4226-B931-9A51610AC14D}.Debug|.NET 1.1 (Mono Libraries).ActiveCfg = Debug|.NET 1.1 (Mono Libraries)
		{E9DF5ED1-4CBD-4226-B931-9A51610AC14D}.Debug|.NET 1.1 (Mono Libraries).Build.0 = Debug|.NET 1.1 (Mono Libraries)
		{E9DF5ED1-4CBD-4226-B931-9A51610AC14D}.Debug|.NET 2.0.ActiveCfg = Debug|.NET 2.0
		{E9DF5ED1-4CBD-4226-B931-9A51610AC14D}.Debug|.NET 2.0.Build.0 = Debug|.NET 2.0
		{E9DF5ED1-4CBD-4226-B931-9A51610AC14D}.Debug|.NET 2.0 (Mono Libraries).ActiveCfg = Debug|.NET 2.0 (Mono Libraries)
		{E9DF5ED1-4CBD-4226-B931-9A51610AC14D}.Debug|.NET 2.0 (Mono Libraries).Build.0 = Debug|.NET 2.0 (Mono Libraries)
		{E9DF5ED1-4CBD-4226-B931-9A51610AC14D}.Debug|.NET CF 1.0 (Pocket PC 2003).ActiveCfg = Debug|.NET CF 1.0 (Pocket PC 2003)
		{E9DF5ED1-4CBD-4226-B931-9A51610AC14D}.Debug|.NET CF 1.0 (Pocket PC 2003).Build.0 = Debug|.NET CF 1.0 (Pocket PC 2003)
		{E9DF5ED1-4CBD-4226-B931-9A51610AC14D}.Debug|.NET CF 1.0 (Smartphone 2003).ActiveCfg = Debug|.NET CF 1.0 (Smartphone 2003)
		{E9DF5ED1-4CBD-4226-B931-9A51610AC14D}.Debug|.NET CF 1.0 (Smartphone 2003).Build.0 = Debug|.NET CF 1.0 (Smartphone 2003)
		{E9DF5ED1-4CBD-4226-B931-9A51610AC14D}.Debug|.NET CF 2.0 (Pocket PC 2003).ActiveCfg = Debug|.NET CF 2.0 (Pocket PC 2003)
		{E9DF5ED1-4CBD-4226-B931-9A51610AC14D}.Debug|.NET CF 2.0 (Pocket PC 2003).Build.0 = Debug|.NET CF 2.0 (Pocket PC 2003)
		{E9DF5ED1-4CBD-4226-B931-9A51610AC14D}.Debug|.NET CF 2.0 (Windows CE 5.0).ActiveCfg = Debug|.NET CF 2.0 (Windows CE 5.0)
		{E9DF5ED1-4CBD-4226-B931-9A51610AC14D}.Debug|.NET CF 2.0 (Windows CE 5.0).Build.0 = Debug|.NET CF 2.0 (Windows CE 5.0)
		{E9DF5ED1-4CBD-4226-B931-9A51610AC14D}.Debug|Any CPU.ActiveCfg = Debug|.NET 2.0
		{E9DF5ED1-4CBD-4226-B931-9A51610AC14D}.Debug|Any CPU.Build.0 = Debug|.NET 2.0
		{E9DF5ED1-4CBD-4226-B931-9A51610AC14D}.Debug|Build All 2.0 Platforms Simultaneously.ActiveCfg = Debug|Build All 2.0 Platforms Simultaneously
		{E9DF5ED1-4CBD-4226-B931-9A51610AC14D}.Debug|Build All 2.0 Platforms Simultaneously.Build.0 = Debug|Build All 2.0 Platforms Simultaneously
		{E9DF5ED1-4CBD-4226-B931-9A51610AC14D}.Debug|Build All Platforms Simultaneously.ActiveCfg = Debug|Build All Platforms Simultaneously
		{E9DF5ED1-4CBD-4226-B931-9A51610AC14D}.Debug|Build All Platforms Simultaneously.Build.0 = Debug|Build All Platforms Simultaneously
		{E9DF5ED1-4CBD-4226-B931-9A51610AC14D}.Debug|x86.ActiveCfg = Debug|x86
		{E9DF5ED1-4CBD-4226-B931-9A51610AC14D}.Debug|x86.Build.0 = Debug|x86
		{E9DF5ED1-4CBD-4226-B931-9A51610AC14D}.Release|.NET 1.0.ActiveCfg = Release|.NET 1.0
		{E9DF5ED1-4CBD-4226-B931-9A51610AC14D}.Release|.NET 1.0.Build.0 = Release|.NET 1.0
		{E9DF5ED1-4CBD-4226-B931-9A51610AC14D}.Release|.NET 1.1.ActiveCfg = Release|.NET 1.1
		{E9DF5ED1-4CBD-4226-B931-9A51610AC14D}.Release|.NET 1.1.Build.0 = Release|.NET 1.1
		{E9DF5ED1-4CBD-4226-B931-9A51610AC14D}.Release|.NET 1.1 (Mono Libraries).ActiveCfg = Release|.NET 1.1 (Mono Libraries)
		{E9DF5ED1-4CBD-4226-B931-9A51610AC14D}.Release|.NET 1.1 (Mono Libraries).Build.0 = Release|.NET 1.1 (Mono Libraries)
		{E9DF5ED1-4CBD-4226-B931-9A51610AC14D}.Release|.NET 2.0.ActiveCfg = Release|.NET 2.0
		{E9DF5ED1-4CBD-4226-B931-9A51610AC14D}.Release|.NET 2.0.Build.0 = Release|.NET 2.0
		{E9DF5ED1-4CBD-4226-B931-9A51610AC14D}.Release|.NET 2.0 (Mono Libraries).ActiveCfg = Release|.NET 2.0 (Mono Libraries)
		{E9DF5ED1-4CBD-4226-B931-9A51610AC14D}.Release|.NET 2.0 (Mono Libraries).Build.0 = Release|.NET 2.0 (Mono Libraries)
		{E9DF5ED1-4CBD-4226-B931-9A51610AC14D}.Release|.NET CF 1.0 (Pocket PC 2003).ActiveCfg = Release|.NET CF 1.0 (Pocket PC 2003)
		{E9DF5ED1-4CBD-4226-B931-9A51610AC14D}.Release|.NET CF 1.0 (Pocket PC 2003).Build.0 = Release|.NET CF 1.0 (Pocket PC 2003)
		{E9DF5ED1-4CBD-4226-B931-9A51610AC14D}.Release|.NET CF 1.0 (Smartphone 2003).ActiveCfg = Release|.NET CF 1.0 (Smartphone 2003)
		{E9DF5ED1-4CBD-4226-B931-9A51610AC14D}.Release|.NET CF 1.0 (Smartphone 2003).Build.0 = Release|.NET CF 1.0 (Smartphone 2003)
		{E9DF5ED1-4CBD-4226-B931-9A51610AC14D}.Release|.NET CF 2.0 (Pocket PC 2003).ActiveCfg = Release|.NET CF 2.0 (Pocket PC 2003)
		{E9DF5ED1-4CBD-4226-B931-9A51610AC14D}.Release|.NET CF 2.0 (Pocket PC 2003).Build.0 = Release|.NET CF 2.0 (Pocket PC 2003)
		{E9DF5ED1-4CBD-4226-B931-9A51610AC14D}.Release|.NET CF 2.0 (Windows CE 5.0).ActiveCfg = Release|.NET CF 2.0 (Windows CE 5.0)
		{E9DF5ED1-4CBD-4226-B931-9A51610AC14D}.Release|.NET CF 2.0 (Windows CE 5.0).Build.0 = Release|.NET CF 2.0 (Windows CE 5.0)
		{E9DF5ED1-4CBD-4226-B931-9A51610AC14D}.Release|Any CPU.ActiveCfg = Release|Any CPU
		{E9DF5ED1-4CBD-4226-B931-9A51610AC14D}.Release|Any CPU.Build.0 = Release|Any CPU
		{E9DF5ED1-4CBD-4226-B931-9A51610AC14D}.Release|Build All 2.0 Platforms Simultaneously.ActiveCfg = Release|Build All 2.0 Platforms Simultaneously
		{E9DF5ED1-4CBD-4226-B931-9A51610AC14D}.Release|Build All 2.0 Platforms Simultaneously.Build.0 = Release|Build All 2.0 Platforms Simultaneously
		{E9DF5ED1-4CBD-4226-B931-9A51610AC14D}.Release|Build All Platforms Simultaneously.ActiveCfg = Release|Build All Platforms Simultaneously
		{E9DF5ED1-4CBD-4226-B931-9A51610AC14D}.Release|Build All Platforms Simultaneously.Build.0 = Release|Build All Platforms Simultaneously
		{E9DF5ED1-4CBD-4226-B931-9A51610AC14D}.Release|x86.ActiveCfg = Release|x86
		{E9DF5ED1-4CBD-4226-B931-9A51610AC14D}.Release|x86.Build.0 = Release|x86
		{F29E5B3D-7F76-4CF9-BF5E-8E3A1377B1E4}.Debug|.NET 1.0.ActiveCfg = Debug|.NET 1.0
		{F29E5B3D-7F76-4CF9-BF5E-8E3A1377B1E4}.Debug|.NET 1.0.Build.0 = Debug|.NET 1.0
		{F29E5B3D-7F76-4CF9-BF5E-8E3A1377B1E4}.Debug|.NET 1.1.ActiveCfg = Debug|.NET 1.1
		{F29E5B3D-7F76-4CF9-BF5E-8E3A1377B1E4}.Debug|.NET 1.1.Build.0 = Debug|.NET 1.1
		{F29E5B3D-7F76-4CF9-BF5E-8E3A1377B1E4}.Debug|.NET 1.1 (Mono Libraries).ActiveCfg = Debug|.NET 1.1 (Mono Libraries)
		{F29E5B3D-7F76-4CF9-BF5E-8E3A1377B1E4}.Debug|.NET 1.1 (Mono Libraries).Build.0 = Debug|.NET 1.1 (Mono Libraries)
		{F29E5B3D-7F76-4CF9-BF5E-8E3A1377B1E4}.Debug|.NET 2.0.ActiveCfg = Debug|.NET 2.0
		{F29E5B3D-7F76-4CF9-BF5E-8E3A1377B1E4}.Debug|.NET 2.0.Build.0 = Debug|.NET 2.0
		{F29E5B3D-7F76-4CF9-BF5E-8E3A1377B1E4}.Debug|.NET 2.0 (Mono Libraries).ActiveCfg = Debug|.NET 2.0 (Mono Libraries)
		{F29E5B3D-7F76-4CF9-BF5E-8E3A1377B1E4}.Debug|.NET 2.0 (Mono Libraries).Build.0 = Debug|.NET 2.0 (Mono Libraries)
		{F29E5B3D-7F76-4CF9-BF5E-8E3A1377B1E4}.Debug|.NET CF 1.0 (Pocket PC 2003).ActiveCfg = Debug|.NET CF 1.0 (Pocket PC 2003)
		{F29E5B3D-7F76-4CF9-BF5E-8E3A1377B1E4}.Debug|.NET CF 1.0 (Pocket PC 2003).Build.0 = Debug|.NET CF 1.0 (Pocket PC 2003)
		{F29E5B3D-7F76-4CF9-BF5E-8E3A1377B1E4}.Debug|.NET CF 1.0 (Smartphone 2003).ActiveCfg = Debug|.NET CF 1.0 (Smartphone 2003)
		{F29E5B3D-7F76-4CF9-BF5E-8E3A1377B1E4}.Debug|.NET CF 1.0 (Smartphone 2003).Build.0 = Debug|.NET CF 1.0 (Smartphone 2003)
		{F29E5B3D-7F76-4CF9-BF5E-8E3A1377B1E4}.Debug|.NET CF 2.0 (Pocket PC 2003).ActiveCfg = Debug|.NET CF 2.0 (Pocket PC 2003)
		{F29E5B3D-7F76-4CF9-BF5E-8E3A1377B1E4}.Debug|.NET CF 2.0 (Pocket PC 2003).Build.0 = Debug|.NET CF 2.0 (Pocket PC 2003)
		{F29E5B3D-7F76-4CF9-BF5E-8E3A1377B1E4}.Debug|.NET CF 2.0 (Windows CE 5.0).ActiveCfg = Debug|.NET CF 2.0 (Windows CE 5.0)
		{F29E5B3D-7F76-4CF9-BF5E-8E3A1377B1E4}.Debug|.NET CF 2.0 (Windows CE 5.0).Build.0 = Debug|.NET CF 2.0 (Windows CE 5.0)
		{F29E5B3D-7F76-4CF9-BF5E-8E3A1377B1E4}.Debug|Any CPU.ActiveCfg = Debug|.NET 2.0
		{F29E5B3D-7F76-4CF9-BF5E-8E3A1377B1E4}.Debug|Any CPU.Build.0 = Debug|.NET 2.0
		{F29E5B3D-7F76-4CF9-BF5E-8E3A1377B1E4}.Debug|Build All 2.0 Platforms Simultaneously.ActiveCfg = Debug|Build All 2.0 Platforms Simultaneously
		{F29E5B3D-7F76-4CF9-BF5E-8E3A1377B1E4}.Debug|Build All 2.0 Platforms Simultaneously.Build.0 = Debug|Build All 2.0 Platforms Simultaneously
		{F29E5B3D-7F76-4CF9-BF5E-8E3A1377B1E4}.Debug|Build All Platforms Simultaneously.ActiveCfg = Debug|Build All Platforms Simultaneously
		{F29E5B3D-7F76-4CF9-BF5E-8E3A1377B1E4}.Debug|Build All Platforms Simultaneously.Build.0 = Debug|Build All Platforms Simultaneously
		{F29E5B3D-7F76-4CF9-BF5E-8E3A1377B1E4}.Debug|x86.ActiveCfg = Debug|Build All 2.0 Platforms Simultaneously
		{F29E5B3D-7F76-4CF9-BF5E-8E3A1377B1E4}.Release|.NET 1.0.ActiveCfg = Release|.NET 1.0
		{F29E5B3D-7F76-4CF9-BF5E-8E3A1377B1E4}.Release|.NET 1.0.Build.0 = Release|.NET 1.0
		{F29E5B3D-7F76-4CF9-BF5E-8E3A1377B1E4}.Release|.NET 1.1.ActiveCfg = Release|.NET 1.1
		{F29E5B3D-7F76-4CF9-BF5E-8E3A1377B1E4}.Release|.NET 1.1.Build.0 = Release|.NET 1.1
		{F29E5B3D-7F76-4CF9-BF5E-8E3A1377B1E4}.Release|.NET 1.1 (Mono Libraries).ActiveCfg = Release|.NET 1.1 (Mono Libraries)
		{F29E5B3D-7F76-4CF9-BF5E-8E3A1377B1E4}.Release|.NET 1.1 (Mono Libraries).Build.0 = Release|.NET 1.1 (Mono Libraries)
		{F29E5B3D-7F76-4CF9-BF5E-8E3A1377B1E4}.Release|.NET 2.0.ActiveCfg = Release|.NET 2.0
		{F29E5B3D-7F76-4CF9-BF5E-8E3A1377B1E4}.Release|.NET 2.0.Build.0 = Release|.NET 2.0
		{F29E5B3D-7F76-4CF9-BF5E-8E3A1377B1E4}.Release|.NET 2.0 (Mono Libraries).ActiveCfg = Release|.NET 2.0 (Mono Libraries)
		{F29E5B3D-7F76-4CF9-BF5E-8E3A1377B1E4}.Release|.NET 2.0 (Mono Libraries).Build.0 = Release|.NET 2.0 (Mono Libraries)
		{F29E5B3D-7F76-4CF9-BF5E-8E3A1377B1E4}.Release|.NET CF 1.0 (Pocket PC 2003).ActiveCfg = Release|.NET CF 1.0 (Pocket PC 2003)
		{F29E5B3D-7F76-4CF9-BF5E-8E3A1377B1E4}.Release|.NET CF 1.0 (Pocket PC 2003).Build.0 = Release|.NET CF 1.0 (Pocket PC 2003)
		{F29E5B3D-7F76-4CF9-BF5E-8E3A1377B1E4}.Release|.NET CF 1.0 (Smartphone 2003).ActiveCfg = Release|.NET CF 1.0 (Smartphone 2003)
		{F29E5B3D-7F76-4CF9-BF5E-8E3A1377B1E4}.Release|.NET CF 1.0 (Smartphone 2003).Build.0 = Release|.NET CF 1.0 (Smartphone 2003)
		{F29E5B3D-7F76-4CF9-BF5E-8E3A1377B1E4}.Release|.NET CF 2.0 (Pocket PC 2003).ActiveCfg = Release|.NET CF 2.0 (Pocket PC 2003)
		{F29E5B3D-7F76-4CF9-BF5E-8E3A1377B1E4}.Release|.NET CF 2.0 (Pocket PC 2003).Build.0 = Release|.NET CF 2.0 (Pocket PC 2003)
		{F29E5B3D-7F76-4CF9-BF5E-8E3A1377B1E4}.Release|.NET CF 2.0 (Windows CE 5.0).ActiveCfg = Release|.NET CF 2.0 (Windows CE 5.0)
		{F29E5B3D-7F76-4CF9-BF5E-8E3A1377B1E4}.Release|.NET CF 2.0 (Windows CE 5.0).Build.0 = Release|.NET CF 2.0 (Windows CE 5.0)
		{F29E5B3D-7F76-4CF9-BF5E-8E3A1377B1E4}.Release|Any CPU.ActiveCfg = Release|Any CPU
		{F29E5B3D-7F76-4CF9-BF5E-8E3A1377B1E4}.Release|Any CPU.Build.0 = Release|Any CPU
		{F29E5B3D-7F76-4CF9-BF5E-8E3A1377B1E4}.Release|Build All 2.0 Platforms Simultaneously.ActiveCfg = Release|Build All 2.0 Platforms Simultaneously
		{F29E5B3D-7F76-4CF9-BF5E-8E3A1377B1E4}.Release|Build All 2.0 Platforms Simultaneously.Build.0 = Release|Build All 2.0 Platforms Simultaneously
		{F29E5B3D-7F76-4CF9-BF5E-8E3A1377B1E4}.Release|Build All Platforms Simultaneously.ActiveCfg = Release|Build All Platforms Simultaneously
		{F29E5B3D-7F76-4CF9-BF5E-8E3A1377B1E4}.Release|Build All Platforms Simultaneously.Build.0 = Release|Build All Platforms Simultaneously
		{F29E5B3D-7F76-4CF9-BF5E-8E3A1377B1E4}.Release|x86.ActiveCfg = Release|Build All 2.0 Platforms Simultaneously
	EndGlobalSection
	GlobalSection(SolutionProperties) = preSolution
		HideSolutionNode = FALSE
	EndGlobalSection
EndGlobal
