
Microsoft Visual Studio Solution File, Format Version 12.00
# Visual Studio 15
VisualStudioVersion = 15.0.28307.852
MinimumVisualStudioVersion = 10.0.40219.1
Project("{FAE04EC0-301F-11D3-BF4B-00C04F79EFBC}") = "MySql.VisualStudio.CustomAction", "MySql.VisualStudio.CustomAction.csproj", "{CDB0903E-AC9C-409D-B5FE-3D30F31E14EB}"
EndProject
Project("{FAE04EC0-301F-11D3-BF4B-00C04F79EFBC}") = "MySql.VisualStudio.CustomAction.Tests", "MySql.VisualStudio.CustomAction.Tests\MySql.VisualStudio.CustomAction.Tests.csproj", "{0C464917-1A01-4F1C-B29C-0DF034C6CE7A}"
EndProject
Global
	GlobalSection(SolutionConfigurationPlatforms) = preSolution
		Debug|Any CPU = Debug|Any CPU
		Debug|x86 = Debug|x86
		Release|Any CPU = Release|Any CPU
		Release|x86 = Release|x86
	EndGlobalSection
	GlobalSection(ProjectConfigurationPlatforms) = postSolution
		{CDB0903E-AC9C-409D-B5FE-3D30F31E14EB}.Debug|Any CPU.ActiveCfg = Debug|Any CPU
		{CDB0903E-AC9C-409D-B5FE-3D30F31E14EB}.Debug|Any CPU.Build.0 = Debug|Any CPU
		{CDB0903E-AC9C-409D-B5FE-3D30F31E14EB}.Debug|x86.ActiveCfg = Debug|x86
		{CDB0903E-AC9C-409D-B5FE-3D30F31E14EB}.Debug|x86.Build.0 = Debug|x86
		{CDB0903E-AC9C-409D-B5FE-3D30F31E14EB}.Release|Any CPU.ActiveCfg = Release|Any CPU
		{CDB0903E-AC9C-409D-B5FE-3D30F31E14EB}.Release|Any CPU.Build.0 = Release|Any CPU
		{CDB0903E-AC9C-409D-B5FE-3D30F31E14EB}.Release|x86.ActiveCfg = Release|x86
		{CDB0903E-AC9C-409D-B5FE-3D30F31E14EB}.Release|x86.Build.0 = Release|x86
		{0C464917-1A01-4F1C-B29C-0DF034C6CE7A}.Debug|Any CPU.ActiveCfg = Debug|Any CPU
		{0C464917-1A01-4F1C-B29C-0DF034C6CE7A}.Debug|Any CPU.Build.0 = Debug|Any CPU
		{0C464917-1A01-4F1C-B29C-0DF034C6CE7A}.Debug|x86.ActiveCfg = Debug|Any CPU
		{0C464917-1A01-4F1C-B29C-0DF034C6CE7A}.Debug|x86.Build.0 = Debug|Any CPU
		{0C464917-1A01-4F1C-B29C-0DF034C6CE7A}.Release|Any CPU.ActiveCfg = Release|Any CPU
		{0C464917-1A01-4F1C-B29C-0DF034C6CE7A}.Release|Any CPU.Build.0 = Release|Any CPU
		{0C464917-1A01-4F1C-B29C-0DF034C6CE7A}.Release|x86.ActiveCfg = Release|Any CPU
		{0C464917-1A01-4F1C-B29C-0DF034C6CE7A}.Release|x86.Build.0 = Release|Any CPU
	EndGlobalSection
	GlobalSection(SolutionProperties) = preSolution
		HideSolutionNode = FALSE
	EndGlobalSection
	GlobalSection(ExtensibilityGlobals) = postSolution
		SolutionGuid = {4121721D-5262-458E-B946-ABCF5D2C9677}
	EndGlobalSection
EndGlobal
