
Microsoft Visual Studio Solution File, Format Version 9.00
# Visual Studio 2005
Project("{FAE04EC0-301F-11D3-BF4B-00C04F79EFBC}") = "MyVSTools", "MyVSTools.csproj", "{70DE1923-4FE6-4A4B-B027-8F55E60D4CA0}"
EndProject
Global
	GlobalSection(SolutionConfigurationPlatforms) = preSolution
		Debug|Any CPU = Debug|Any CPU
		Release|Any CPU = Release|Any CPU
	EndGlobalSection
	GlobalSection(ProjectConfigurationPlatforms) = postSolution
		{70DE1923-4FE6-4A4B-B027-8F55E60D4CA0}.Debug|Any CPU.ActiveCfg = Debug|Any CPU
		{70DE1923-4FE6-4A4B-B027-8F55E60D4CA0}.Debug|Any CPU.Build.0 = Debug|Any CPU
		{70DE1923-4FE6-4A4B-B027-8F55E60D4CA0}.Release|Any CPU.ActiveCfg = Release|Any CPU
		{70DE1923-4FE6-4A4B-B027-8F55E60D4CA0}.Release|Any CPU.Build.0 = Release|Any CPU
	EndGlobalSection
	GlobalSection(SolutionProperties) = preSolution
		HideSolutionNode = FALSE
	EndGlobalSection
EndGlobal
